// !$*UTF8*$!
{
	archiveVersion = 1;
	classes = {
	};
	objectVersion = 46;
	objects = {

/* Begin PBXBuildFile section */
		0433C0B286BC816E93465DF3 /* Pods_Doorbell.framework in Frameworks */ = {isa = PBXBuildFile; fileRef = 6061A033492DFB42E4D15802 /* Pods_Doorbell.framework */; settings = {ATTRIBUTES = (Weak, ); }; };
		17223D381B0FB0C400B37BCD /* Authentication.storyboard in Resources */ = {isa = PBXBuildFile; fileRef = 17223D371B0FB0C400B37BCD /* Authentication.storyboard */; };
		17223D3A1B0FB21C00B37BCD /* LogInViewController.swift in Sources */ = {isa = PBXBuildFile; fileRef = 17223D391B0FB21C00B37BCD /* LogInViewController.swift */; };
		17223D3C1B0FC11F00B37BCD /* SignUpViewController.swift in Sources */ = {isa = PBXBuildFile; fileRef = 17223D3B1B0FC11F00B37BCD /* SignUpViewController.swift */; };
		173CC1411B117323007ACB1C /* TabBarController.swift in Sources */ = {isa = PBXBuildFile; fileRef = 173CC1401B117323007ACB1C /* TabBarController.swift */; };
		173CC1431B1177E7007ACB1C /* ChatsConversationListViewController.swift in Sources */ = {isa = PBXBuildFile; fileRef = 173CC1421B1177E7007ACB1C /* ChatsConversationListViewController.swift */; };
		173CC1451B11A771007ACB1C /* SettingsViewController.swift in Sources */ = {isa = PBXBuildFile; fileRef = 173CC1441B11A771007ACB1C /* SettingsViewController.swift */; };
		173CC1491B11CF7F007ACB1C /* SettingsEditProfileViewController.swift in Sources */ = {isa = PBXBuildFile; fileRef = 173CC1481B11CF7F007ACB1C /* SettingsEditProfileViewController.swift */; };
		177421991B1E529C006968E6 /* SettingsEditProfileFormView.swift in Sources */ = {isa = PBXBuildFile; fileRef = 177421981B1E529C006968E6 /* SettingsEditProfileFormView.swift */; };
		1774219B1B1E5A61006968E6 /* LogInFormView.swift in Sources */ = {isa = PBXBuildFile; fileRef = 1774219A1B1E5A61006968E6 /* LogInFormView.swift */; };
		1774219D1B1E5A6C006968E6 /* SignUpFormView.swift in Sources */ = {isa = PBXBuildFile; fileRef = 1774219C1B1E5A6C006968E6 /* SignUpFormView.swift */; };
		1774219F1B1E623C006968E6 /* SettingsChangePasswordFormView.swift in Sources */ = {isa = PBXBuildFile; fileRef = 1774219E1B1E623C006968E6 /* SettingsChangePasswordFormView.swift */; };
		177421A11B1E6361006968E6 /* SettingsChangePasswordViewController.swift in Sources */ = {isa = PBXBuildFile; fileRef = 177421A01B1E6361006968E6 /* SettingsChangePasswordViewController.swift */; };
		177421AD1B1E8B3B006968E6 /* LYRClientPromiseKit.swift in Sources */ = {isa = PBXBuildFile; fileRef = 177421AC1B1E8B3B006968E6 /* LYRClientPromiseKit.swift */; };
		177589671B18FED90094CED2 /* UserManager.swift in Sources */ = {isa = PBXBuildFile; fileRef = 177589661B18FED90094CED2 /* UserManager.swift */; };
		177589691B1910640094CED2 /* ChatsParticipantTableViewController.swift in Sources */ = {isa = PBXBuildFile; fileRef = 177589681B1910640094CED2 /* ChatsParticipantTableViewController.swift */; };
		17850AD91B0D464600504176 /* AppDelegate.swift in Sources */ = {isa = PBXBuildFile; fileRef = 17850AD81B0D464600504176 /* AppDelegate.swift */; };
		17850AE31B0D464600504176 /* LaunchScreen.xib in Resources */ = {isa = PBXBuildFile; fileRef = 17850AE11B0D464600504176 /* LaunchScreen.xib */; };
		17850AEF1B0D464600504176 /* DoorbellTests.swift in Sources */ = {isa = PBXBuildFile; fileRef = 17850AEE1B0D464600504176 /* DoorbellTests.swift */; };
		179062A01B26473B0006084B /* FormProtocol.swift in Sources */ = {isa = PBXBuildFile; fileRef = 1790629F1B26473B0006084B /* FormProtocol.swift */; };
		179062A21B264AD40006084B /* FormViewProtocol.swift in Sources */ = {isa = PBXBuildFile; fileRef = 179062A11B264AD40006084B /* FormViewProtocol.swift */; };
		179062A41B264C590006084B /* FormViewController.swift in Sources */ = {isa = PBXBuildFile; fileRef = 179062A31B264C590006084B /* FormViewController.swift */; };
		179062A81B26631D0006084B /* KHAFormCellStyles.swift in Sources */ = {isa = PBXBuildFile; fileRef = 179062A71B26631D0006084B /* KHAFormCellStyles.swift */; };
		179262451B163889006315AA /* PFUser.swift in Sources */ = {isa = PBXBuildFile; fileRef = 179262441B163889006315AA /* PFUser.swift */; };
		17A9C9C31B15D4A000DD5E20 /* ChatsConversationViewController.swift in Sources */ = {isa = PBXBuildFile; fileRef = 17A9C9C21B15D4A000DD5E20 /* ChatsConversationViewController.swift */; };
		17B5B61F1B24E3A300571AB0 /* CalendarEventTableViewCell.swift in Sources */ = {isa = PBXBuildFile; fileRef = 17B5B61E1B24E3A300571AB0 /* CalendarEventTableViewCell.swift */; };
		17B5B6211B24EE3600571AB0 /* CalendarNewEventFormView.swift in Sources */ = {isa = PBXBuildFile; fileRef = 17B5B6201B24EE3600571AB0 /* CalendarNewEventFormView.swift */; };
		17B5B6251B24FB1100571AB0 /* CalendarNewEventViewController.swift in Sources */ = {isa = PBXBuildFile; fileRef = 17B5B6241B24FB1100571AB0 /* CalendarNewEventViewController.swift */; };
		17B5B6291B25262600571AB0 /* Event.swift in Sources */ = {isa = PBXBuildFile; fileRef = 17B5B6281B25262600571AB0 /* Event.swift */; };
		17CB52FA1B1D1945000E96C6 /* Images.xcassets in Resources */ = {isa = PBXBuildFile; fileRef = 17CB52F91B1D1945000E96C6 /* Images.xcassets */; };
		17CB52FC1B1D19CC000E96C6 /* AtlasResource.bundle in Resources */ = {isa = PBXBuildFile; fileRef = 17CB52FB1B1D19CC000E96C6 /* AtlasResource.bundle */; };
		17D14D761B14F751003C93BA /* InitialViewController.swift in Sources */ = {isa = PBXBuildFile; fileRef = 17D14D751B14F751003C93BA /* InitialViewController.swift */; };
		17D14D7D1B151C89003C93BA /* ChatsNavigationViewController.swift in Sources */ = {isa = PBXBuildFile; fileRef = 17D14D7C1B151C89003C93BA /* ChatsNavigationViewController.swift */; };
		17D14D811B151E7B003C93BA /* CalendarTableViewController.swift in Sources */ = {isa = PBXBuildFile; fileRef = 17D14D801B151E7B003C93BA /* CalendarTableViewController.swift */; };
		17D14D851B151FF2003C93BA /* DirectoryViewController.swift in Sources */ = {isa = PBXBuildFile; fileRef = 17D14D841B151FF2003C93BA /* DirectoryViewController.swift */; };
		17D14D871B15201B003C93BA /* AdsViewController.swift in Sources */ = {isa = PBXBuildFile; fileRef = 17D14D861B15201B003C93BA /* AdsViewController.swift */; };
		17D14D8D1B153B73003C93BA /* Main.storyboard in Resources */ = {isa = PBXBuildFile; fileRef = 17D14D8C1B153B73003C93BA /* Main.storyboard */; };
		17D14D931B1540B2003C93BA /* Settings.storyboard in Resources */ = {isa = PBXBuildFile; fileRef = 17D14D921B1540B2003C93BA /* Settings.storyboard */; };
		17D14D991B154C99003C93BA /* Calendar.storyboard in Resources */ = {isa = PBXBuildFile; fileRef = 17D14D981B154C99003C93BA /* Calendar.storyboard */; };
		17D14D9B1B154CCC003C93BA /* Directory.storyboard in Resources */ = {isa = PBXBuildFile; fileRef = 17D14D9A1B154CCC003C93BA /* Directory.storyboard */; };
		17D14D9D1B154CE3003C93BA /* Ads.storyboard in Resources */ = {isa = PBXBuildFile; fileRef = 17D14D9C1B154CE3003C93BA /* Ads.storyboard */; };
		17D7D5851B203E1200FA96A3 /* SettingsAboutViewController.swift in Sources */ = {isa = PBXBuildFile; fileRef = 17D7D5841B203E1200FA96A3 /* SettingsAboutViewController.swift */; };
		17D7D5D91B205A2900FA96A3 /* Atlas.m in Sources */ = {isa = PBXBuildFile; fileRef = 17D7D5881B205A2900FA96A3 /* Atlas.m */; };
		17D7D5DA1B205A2900FA96A3 /* ATLAddressBarViewController.m in Sources */ = {isa = PBXBuildFile; fileRef = 17D7D58B1B205A2900FA96A3 /* ATLAddressBarViewController.m */; };
		17D7D5DB1B205A2900FA96A3 /* ATLBaseConversationViewController.m in Sources */ = {isa = PBXBuildFile; fileRef = 17D7D58D1B205A2900FA96A3 /* ATLBaseConversationViewController.m */; };
		17D7D5DC1B205A2900FA96A3 /* ATLConversationListViewController.m in Sources */ = {isa = PBXBuildFile; fileRef = 17D7D58F1B205A2900FA96A3 /* ATLConversationListViewController.m */; };
		17D7D5DD1B205A2900FA96A3 /* ATLConversationViewController.m in Sources */ = {isa = PBXBuildFile; fileRef = 17D7D5911B205A2900FA96A3 /* ATLConversationViewController.m */; };
		17D7D5DE1B205A2900FA96A3 /* ATLParticipantTableViewController.m in Sources */ = {isa = PBXBuildFile; fileRef = 17D7D5931B205A2900FA96A3 /* ATLParticipantTableViewController.m */; };
		17D7D5DF1B205A2900FA96A3 /* ATLTypingIndicatorViewController.m in Sources */ = {isa = PBXBuildFile; fileRef = 17D7D5951B205A2900FA96A3 /* ATLTypingIndicatorViewController.m */; };
		17D7D5E01B205A2900FA96A3 /* ATLConversationDataSource.m in Sources */ = {isa = PBXBuildFile; fileRef = 17D7D5981B205A2900FA96A3 /* ATLConversationDataSource.m */; };
		17D7D5E11B205A2900FA96A3 /* ATLDataSourceChange.m in Sources */ = {isa = PBXBuildFile; fileRef = 17D7D59A1B205A2900FA96A3 /* ATLDataSourceChange.m */; };
		17D7D5E21B205A2900FA96A3 /* ATLMediaAttachment.m in Sources */ = {isa = PBXBuildFile; fileRef = 17D7D59C1B205A2900FA96A3 /* ATLMediaAttachment.m */; };
		17D7D5E31B205A2900FA96A3 /* ATLParticipantTableDataSet.m in Sources */ = {isa = PBXBuildFile; fileRef = 17D7D59E1B205A2900FA96A3 /* ATLParticipantTableDataSet.m */; };
		17D7D5E41B205A2900FA96A3 /* ATLConstants.m in Sources */ = {isa = PBXBuildFile; fileRef = 17D7D5A71B205A2900FA96A3 /* ATLConstants.m */; };
		17D7D5E51B205A2900FA96A3 /* ATLErrors.m in Sources */ = {isa = PBXBuildFile; fileRef = 17D7D5A91B205A2900FA96A3 /* ATLErrors.m */; };
		17D7D5E61B205A2900FA96A3 /* ATLLocationManager.m in Sources */ = {isa = PBXBuildFile; fileRef = 17D7D5AB1B205A2900FA96A3 /* ATLLocationManager.m */; };
		17D7D5E71B205A2900FA96A3 /* ATLMediaInputStream.m in Sources */ = {isa = PBXBuildFile; fileRef = 17D7D5AD1B205A2900FA96A3 /* ATLMediaInputStream.m */; };
		17D7D5E81B205A2900FA96A3 /* ATLMessagingUtilities.m in Sources */ = {isa = PBXBuildFile; fileRef = 17D7D5AF1B205A2900FA96A3 /* ATLMessagingUtilities.m */; };
		17D7D5E91B205A2900FA96A3 /* ATLUIImageHelper.m in Sources */ = {isa = PBXBuildFile; fileRef = 17D7D5B11B205A2900FA96A3 /* ATLUIImageHelper.m */; };
		17D7D5EA1B205A2900FA96A3 /* ATLAddressBarContainerView.m in Sources */ = {isa = PBXBuildFile; fileRef = 17D7D5B41B205A2900FA96A3 /* ATLAddressBarContainerView.m */; };
		17D7D5EB1B205A2900FA96A3 /* ATLAddressBarTextView.m in Sources */ = {isa = PBXBuildFile; fileRef = 17D7D5B61B205A2900FA96A3 /* ATLAddressBarTextView.m */; };
		17D7D5EC1B205A2900FA96A3 /* ATLAddressBarView.m in Sources */ = {isa = PBXBuildFile; fileRef = 17D7D5B81B205A2900FA96A3 /* ATLAddressBarView.m */; };
		17D7D5ED1B205A2900FA96A3 /* ATLAvatarImageView.m in Sources */ = {isa = PBXBuildFile; fileRef = 17D7D5BA1B205A2900FA96A3 /* ATLAvatarImageView.m */; };
		17D7D5EE1B205A2900FA96A3 /* ATLConversationCollectionView.m in Sources */ = {isa = PBXBuildFile; fileRef = 17D7D5BC1B205A2900FA96A3 /* ATLConversationCollectionView.m */; };
		17D7D5EF1B205A2900FA96A3 /* ATLConversationCollectionViewFooter.m in Sources */ = {isa = PBXBuildFile; fileRef = 17D7D5BE1B205A2900FA96A3 /* ATLConversationCollectionViewFooter.m */; };
		17D7D5F01B205A2900FA96A3 /* ATLConversationCollectionViewHeader.m in Sources */ = {isa = PBXBuildFile; fileRef = 17D7D5C01B205A2900FA96A3 /* ATLConversationCollectionViewHeader.m */; };
		17D7D5F11B205A2900FA96A3 /* ATLConversationCollectionViewMoreMessagesHeader.m in Sources */ = {isa = PBXBuildFile; fileRef = 17D7D5C21B205A2900FA96A3 /* ATLConversationCollectionViewMoreMessagesHeader.m */; };
		17D7D5F21B205A2900FA96A3 /* ATLConversationTableViewCell.m in Sources */ = {isa = PBXBuildFile; fileRef = 17D7D5C41B205A2900FA96A3 /* ATLConversationTableViewCell.m */; };
		17D7D5F31B205A2900FA96A3 /* ATLConversationView.m in Sources */ = {isa = PBXBuildFile; fileRef = 17D7D5C61B205A2900FA96A3 /* ATLConversationView.m */; };
		17D7D5F41B205A2900FA96A3 /* ATLIncomingMessageCollectionViewCell.m in Sources */ = {isa = PBXBuildFile; fileRef = 17D7D5C81B205A2900FA96A3 /* ATLIncomingMessageCollectionViewCell.m */; };
		17D7D5F51B205A2900FA96A3 /* ATLMessageBubbleView.m in Sources */ = {isa = PBXBuildFile; fileRef = 17D7D5CA1B205A2900FA96A3 /* ATLMessageBubbleView.m */; };
		17D7D5F61B205A2900FA96A3 /* ATLMessageCollectionViewCell.m in Sources */ = {isa = PBXBuildFile; fileRef = 17D7D5CC1B205A2900FA96A3 /* ATLMessageCollectionViewCell.m */; };
		17D7D5F71B205A2900FA96A3 /* ATLMessageComposeTextView.m in Sources */ = {isa = PBXBuildFile; fileRef = 17D7D5CE1B205A2900FA96A3 /* ATLMessageComposeTextView.m */; };
		17D7D5F81B205A2900FA96A3 /* ATLMessageInputToolbar.m in Sources */ = {isa = PBXBuildFile; fileRef = 17D7D5D01B205A2900FA96A3 /* ATLMessageInputToolbar.m */; };
		17D7D5F91B205A2900FA96A3 /* ATLOutgoingMessageCollectionViewCell.m in Sources */ = {isa = PBXBuildFile; fileRef = 17D7D5D21B205A2900FA96A3 /* ATLOutgoingMessageCollectionViewCell.m */; };
		17D7D5FA1B205A2900FA96A3 /* ATLParticipantSectionHeaderView.m in Sources */ = {isa = PBXBuildFile; fileRef = 17D7D5D41B205A2900FA96A3 /* ATLParticipantSectionHeaderView.m */; };
		17D7D5FB1B205A2900FA96A3 /* ATLParticipantTableViewCell.m in Sources */ = {isa = PBXBuildFile; fileRef = 17D7D5D61B205A2900FA96A3 /* ATLParticipantTableViewCell.m */; };
		17D7D5FC1B205A2900FA96A3 /* ATLProgressView.m in Sources */ = {isa = PBXBuildFile; fileRef = 17D7D5D81B205A2900FA96A3 /* ATLProgressView.m */; };
		17D86E541B1D243000A72F34 /* SettingsFormView.swift in Sources */ = {isa = PBXBuildFile; fileRef = 17D86E531B1D243000A72F34 /* SettingsFormView.swift */; };
		17E670061B1288A60086D68F /* LayerClient.swift in Sources */ = {isa = PBXBuildFile; fileRef = 17E670051B1288A60086D68F /* LayerClient.swift */; };
/* End PBXBuildFile section */

/* Begin PBXContainerItemProxy section */
		17850AE91B0D464600504176 /* PBXContainerItemProxy */ = {
			isa = PBXContainerItemProxy;
			containerPortal = 17850ACB1B0D464600504176 /* Project object */;
			proxyType = 1;
			remoteGlobalIDString = 17850AD21B0D464600504176;
			remoteInfo = Doorbell;
		};
/* End PBXContainerItemProxy section */

/* Begin PBXFileReference section */
		17223D371B0FB0C400B37BCD /* Authentication.storyboard */ = {isa = PBXFileReference; fileEncoding = 4; lastKnownFileType = file.storyboard; path = Authentication.storyboard; sourceTree = "<group>"; };
		17223D391B0FB21C00B37BCD /* LogInViewController.swift */ = {isa = PBXFileReference; fileEncoding = 4; lastKnownFileType = sourcecode.swift; path = LogInViewController.swift; sourceTree = "<group>"; };
		17223D3B1B0FC11F00B37BCD /* SignUpViewController.swift */ = {isa = PBXFileReference; fileEncoding = 4; lastKnownFileType = sourcecode.swift; path = SignUpViewController.swift; sourceTree = "<group>"; };
		173CC1401B117323007ACB1C /* TabBarController.swift */ = {isa = PBXFileReference; fileEncoding = 4; lastKnownFileType = sourcecode.swift; path = TabBarController.swift; sourceTree = "<group>"; };
		173CC1421B1177E7007ACB1C /* ChatsConversationListViewController.swift */ = {isa = PBXFileReference; fileEncoding = 4; lastKnownFileType = sourcecode.swift; path = ChatsConversationListViewController.swift; sourceTree = "<group>"; };
		173CC1441B11A771007ACB1C /* SettingsViewController.swift */ = {isa = PBXFileReference; fileEncoding = 4; lastKnownFileType = sourcecode.swift; path = SettingsViewController.swift; sourceTree = "<group>"; };
		173CC1481B11CF7F007ACB1C /* SettingsEditProfileViewController.swift */ = {isa = PBXFileReference; fileEncoding = 4; lastKnownFileType = sourcecode.swift; path = SettingsEditProfileViewController.swift; sourceTree = "<group>"; };
		177421981B1E529C006968E6 /* SettingsEditProfileFormView.swift */ = {isa = PBXFileReference; fileEncoding = 4; lastKnownFileType = sourcecode.swift; path = SettingsEditProfileFormView.swift; sourceTree = "<group>"; };
		1774219A1B1E5A61006968E6 /* LogInFormView.swift */ = {isa = PBXFileReference; fileEncoding = 4; lastKnownFileType = sourcecode.swift; path = LogInFormView.swift; sourceTree = "<group>"; };
		1774219C1B1E5A6C006968E6 /* SignUpFormView.swift */ = {isa = PBXFileReference; fileEncoding = 4; lastKnownFileType = sourcecode.swift; path = SignUpFormView.swift; sourceTree = "<group>"; };
		1774219E1B1E623C006968E6 /* SettingsChangePasswordFormView.swift */ = {isa = PBXFileReference; fileEncoding = 4; lastKnownFileType = sourcecode.swift; path = SettingsChangePasswordFormView.swift; sourceTree = "<group>"; };
		177421A01B1E6361006968E6 /* SettingsChangePasswordViewController.swift */ = {isa = PBXFileReference; fileEncoding = 4; lastKnownFileType = sourcecode.swift; path = SettingsChangePasswordViewController.swift; sourceTree = "<group>"; };
		177421AC1B1E8B3B006968E6 /* LYRClientPromiseKit.swift */ = {isa = PBXFileReference; fileEncoding = 4; lastKnownFileType = sourcecode.swift; path = LYRClientPromiseKit.swift; sourceTree = "<group>"; };
		177589661B18FED90094CED2 /* UserManager.swift */ = {isa = PBXFileReference; fileEncoding = 4; lastKnownFileType = sourcecode.swift; path = UserManager.swift; sourceTree = "<group>"; };
		177589681B1910640094CED2 /* ChatsParticipantTableViewController.swift */ = {isa = PBXFileReference; fileEncoding = 4; lastKnownFileType = sourcecode.swift; path = ChatsParticipantTableViewController.swift; sourceTree = "<group>"; };
		17850AD31B0D464600504176 /* Doorbell.app */ = {isa = PBXFileReference; explicitFileType = wrapper.application; includeInIndex = 0; path = Doorbell.app; sourceTree = BUILT_PRODUCTS_DIR; };
		17850AD71B0D464600504176 /* Info.plist */ = {isa = PBXFileReference; lastKnownFileType = text.plist.xml; path = Info.plist; sourceTree = "<group>"; };
		17850AD81B0D464600504176 /* AppDelegate.swift */ = {isa = PBXFileReference; lastKnownFileType = sourcecode.swift; path = AppDelegate.swift; sourceTree = "<group>"; };
		17850AE21B0D464600504176 /* Base */ = {isa = PBXFileReference; lastKnownFileType = file.xib; name = Base; path = Base.lproj/LaunchScreen.xib; sourceTree = "<group>"; };
		17850AE81B0D464600504176 /* DoorbellTests.xctest */ = {isa = PBXFileReference; explicitFileType = wrapper.cfbundle; includeInIndex = 0; path = DoorbellTests.xctest; sourceTree = BUILT_PRODUCTS_DIR; };
		17850AED1B0D464600504176 /* Info.plist */ = {isa = PBXFileReference; lastKnownFileType = text.plist.xml; path = Info.plist; sourceTree = "<group>"; };
		17850AEE1B0D464600504176 /* DoorbellTests.swift */ = {isa = PBXFileReference; lastKnownFileType = sourcecode.swift; path = DoorbellTests.swift; sourceTree = "<group>"; };
		1790629F1B26473B0006084B /* FormProtocol.swift */ = {isa = PBXFileReference; fileEncoding = 4; lastKnownFileType = sourcecode.swift; path = FormProtocol.swift; sourceTree = "<group>"; };
		179062A11B264AD40006084B /* FormViewProtocol.swift */ = {isa = PBXFileReference; fileEncoding = 4; lastKnownFileType = sourcecode.swift; path = FormViewProtocol.swift; sourceTree = "<group>"; };
		179062A31B264C590006084B /* FormViewController.swift */ = {isa = PBXFileReference; fileEncoding = 4; lastKnownFileType = sourcecode.swift; path = FormViewController.swift; sourceTree = "<group>"; };
		179062A71B26631D0006084B /* KHAFormCellStyles.swift */ = {isa = PBXFileReference; fileEncoding = 4; lastKnownFileType = sourcecode.swift; path = KHAFormCellStyles.swift; sourceTree = "<group>"; };
		179262441B163889006315AA /* PFUser.swift */ = {isa = PBXFileReference; fileEncoding = 4; lastKnownFileType = sourcecode.swift; path = PFUser.swift; sourceTree = "<group>"; };
		17A9C9C21B15D4A000DD5E20 /* ChatsConversationViewController.swift */ = {isa = PBXFileReference; fileEncoding = 4; lastKnownFileType = sourcecode.swift; path = ChatsConversationViewController.swift; sourceTree = "<group>"; };
		17B5B61E1B24E3A300571AB0 /* CalendarEventTableViewCell.swift */ = {isa = PBXFileReference; fileEncoding = 4; lastKnownFileType = sourcecode.swift; path = CalendarEventTableViewCell.swift; sourceTree = "<group>"; };
		17B5B6201B24EE3600571AB0 /* CalendarNewEventFormView.swift */ = {isa = PBXFileReference; fileEncoding = 4; lastKnownFileType = sourcecode.swift; path = CalendarNewEventFormView.swift; sourceTree = "<group>"; };
		17B5B6241B24FB1100571AB0 /* CalendarNewEventViewController.swift */ = {isa = PBXFileReference; fileEncoding = 4; lastKnownFileType = sourcecode.swift; path = CalendarNewEventViewController.swift; sourceTree = "<group>"; };
		17B5B6281B25262600571AB0 /* Event.swift */ = {isa = PBXFileReference; fileEncoding = 4; lastKnownFileType = sourcecode.swift; path = Event.swift; sourceTree = "<group>"; };
		17CB52F91B1D1945000E96C6 /* Images.xcassets */ = {isa = PBXFileReference; lastKnownFileType = folder.assetcatalog; path = Images.xcassets; sourceTree = "<group>"; };
		17CB52FB1B1D19CC000E96C6 /* AtlasResource.bundle */ = {isa = PBXFileReference; lastKnownFileType = "wrapper.plug-in"; path = AtlasResource.bundle; sourceTree = "<group>"; };
		17D14D751B14F751003C93BA /* InitialViewController.swift */ = {isa = PBXFileReference; fileEncoding = 4; lastKnownFileType = sourcecode.swift; path = InitialViewController.swift; sourceTree = "<group>"; };
		17D14D7C1B151C89003C93BA /* ChatsNavigationViewController.swift */ = {isa = PBXFileReference; fileEncoding = 4; lastKnownFileType = sourcecode.swift; path = ChatsNavigationViewController.swift; sourceTree = "<group>"; };
		17D14D801B151E7B003C93BA /* CalendarTableViewController.swift */ = {isa = PBXFileReference; fileEncoding = 4; lastKnownFileType = sourcecode.swift; path = CalendarTableViewController.swift; sourceTree = "<group>"; };
		17D14D841B151FF2003C93BA /* DirectoryViewController.swift */ = {isa = PBXFileReference; fileEncoding = 4; lastKnownFileType = sourcecode.swift; path = DirectoryViewController.swift; sourceTree = "<group>"; };
		17D14D861B15201B003C93BA /* AdsViewController.swift */ = {isa = PBXFileReference; fileEncoding = 4; lastKnownFileType = sourcecode.swift; path = AdsViewController.swift; sourceTree = "<group>"; };
		17D14D8C1B153B73003C93BA /* Main.storyboard */ = {isa = PBXFileReference; fileEncoding = 4; lastKnownFileType = file.storyboard; path = Main.storyboard; sourceTree = "<group>"; };
		17D14D921B1540B2003C93BA /* Settings.storyboard */ = {isa = PBXFileReference; fileEncoding = 4; lastKnownFileType = file.storyboard; path = Settings.storyboard; sourceTree = "<group>"; };
		17D14D981B154C99003C93BA /* Calendar.storyboard */ = {isa = PBXFileReference; fileEncoding = 4; lastKnownFileType = file.storyboard; path = Calendar.storyboard; sourceTree = "<group>"; };
		17D14D9A1B154CCC003C93BA /* Directory.storyboard */ = {isa = PBXFileReference; fileEncoding = 4; lastKnownFileType = file.storyboard; path = Directory.storyboard; sourceTree = "<group>"; };
		17D14D9C1B154CE3003C93BA /* Ads.storyboard */ = {isa = PBXFileReference; fileEncoding = 4; lastKnownFileType = file.storyboard; path = Ads.storyboard; sourceTree = "<group>"; };
		17D7D5841B203E1200FA96A3 /* SettingsAboutViewController.swift */ = {isa = PBXFileReference; fileEncoding = 4; lastKnownFileType = sourcecode.swift; path = SettingsAboutViewController.swift; sourceTree = "<group>"; };
		17D7D5871B205A2900FA96A3 /* Atlas.h */ = {isa = PBXFileReference; fileEncoding = 4; lastKnownFileType = sourcecode.c.h; path = Atlas.h; sourceTree = "<group>"; };
		17D7D5881B205A2900FA96A3 /* Atlas.m */ = {isa = PBXFileReference; fileEncoding = 4; lastKnownFileType = sourcecode.c.objc; path = Atlas.m; sourceTree = "<group>"; };
		17D7D58A1B205A2900FA96A3 /* ATLAddressBarViewController.h */ = {isa = PBXFileReference; fileEncoding = 4; lastKnownFileType = sourcecode.c.h; path = ATLAddressBarViewController.h; sourceTree = "<group>"; };
		17D7D58B1B205A2900FA96A3 /* ATLAddressBarViewController.m */ = {isa = PBXFileReference; fileEncoding = 4; lastKnownFileType = sourcecode.c.objc; path = ATLAddressBarViewController.m; sourceTree = "<group>"; };
		17D7D58C1B205A2900FA96A3 /* ATLBaseConversationViewController.h */ = {isa = PBXFileReference; fileEncoding = 4; lastKnownFileType = sourcecode.c.h; path = ATLBaseConversationViewController.h; sourceTree = "<group>"; };
		17D7D58D1B205A2900FA96A3 /* ATLBaseConversationViewController.m */ = {isa = PBXFileReference; fileEncoding = 4; lastKnownFileType = sourcecode.c.objc; path = ATLBaseConversationViewController.m; sourceTree = "<group>"; };
		17D7D58E1B205A2900FA96A3 /* ATLConversationListViewController.h */ = {isa = PBXFileReference; fileEncoding = 4; lastKnownFileType = sourcecode.c.h; path = ATLConversationListViewController.h; sourceTree = "<group>"; };
		17D7D58F1B205A2900FA96A3 /* ATLConversationListViewController.m */ = {isa = PBXFileReference; fileEncoding = 4; lastKnownFileType = sourcecode.c.objc; path = ATLConversationListViewController.m; sourceTree = "<group>"; };
		17D7D5901B205A2900FA96A3 /* ATLConversationViewController.h */ = {isa = PBXFileReference; fileEncoding = 4; lastKnownFileType = sourcecode.c.h; path = ATLConversationViewController.h; sourceTree = "<group>"; };
		17D7D5911B205A2900FA96A3 /* ATLConversationViewController.m */ = {isa = PBXFileReference; fileEncoding = 4; lastKnownFileType = sourcecode.c.objc; path = ATLConversationViewController.m; sourceTree = "<group>"; };
		17D7D5921B205A2900FA96A3 /* ATLParticipantTableViewController.h */ = {isa = PBXFileReference; fileEncoding = 4; lastKnownFileType = sourcecode.c.h; path = ATLParticipantTableViewController.h; sourceTree = "<group>"; };
		17D7D5931B205A2900FA96A3 /* ATLParticipantTableViewController.m */ = {isa = PBXFileReference; fileEncoding = 4; lastKnownFileType = sourcecode.c.objc; path = ATLParticipantTableViewController.m; sourceTree = "<group>"; };
		17D7D5941B205A2900FA96A3 /* ATLTypingIndicatorViewController.h */ = {isa = PBXFileReference; fileEncoding = 4; lastKnownFileType = sourcecode.c.h; path = ATLTypingIndicatorViewController.h; sourceTree = "<group>"; };
		17D7D5951B205A2900FA96A3 /* ATLTypingIndicatorViewController.m */ = {isa = PBXFileReference; fileEncoding = 4; lastKnownFileType = sourcecode.c.objc; path = ATLTypingIndicatorViewController.m; sourceTree = "<group>"; };
		17D7D5971B205A2900FA96A3 /* ATLConversationDataSource.h */ = {isa = PBXFileReference; fileEncoding = 4; lastKnownFileType = sourcecode.c.h; path = ATLConversationDataSource.h; sourceTree = "<group>"; };
		17D7D5981B205A2900FA96A3 /* ATLConversationDataSource.m */ = {isa = PBXFileReference; fileEncoding = 4; lastKnownFileType = sourcecode.c.objc; path = ATLConversationDataSource.m; sourceTree = "<group>"; };
		17D7D5991B205A2900FA96A3 /* ATLDataSourceChange.h */ = {isa = PBXFileReference; fileEncoding = 4; lastKnownFileType = sourcecode.c.h; path = ATLDataSourceChange.h; sourceTree = "<group>"; };
		17D7D59A1B205A2900FA96A3 /* ATLDataSourceChange.m */ = {isa = PBXFileReference; fileEncoding = 4; lastKnownFileType = sourcecode.c.objc; path = ATLDataSourceChange.m; sourceTree = "<group>"; };
		17D7D59B1B205A2900FA96A3 /* ATLMediaAttachment.h */ = {isa = PBXFileReference; fileEncoding = 4; lastKnownFileType = sourcecode.c.h; path = ATLMediaAttachment.h; sourceTree = "<group>"; };
		17D7D59C1B205A2900FA96A3 /* ATLMediaAttachment.m */ = {isa = PBXFileReference; fileEncoding = 4; lastKnownFileType = sourcecode.c.objc; path = ATLMediaAttachment.m; sourceTree = "<group>"; };
		17D7D59D1B205A2900FA96A3 /* ATLParticipantTableDataSet.h */ = {isa = PBXFileReference; fileEncoding = 4; lastKnownFileType = sourcecode.c.h; path = ATLParticipantTableDataSet.h; sourceTree = "<group>"; };
		17D7D59E1B205A2900FA96A3 /* ATLParticipantTableDataSet.m */ = {isa = PBXFileReference; fileEncoding = 4; lastKnownFileType = sourcecode.c.objc; path = ATLParticipantTableDataSet.m; sourceTree = "<group>"; };
		17D7D5A01B205A2900FA96A3 /* ATLAvatarItem.h */ = {isa = PBXFileReference; fileEncoding = 4; lastKnownFileType = sourcecode.c.h; path = ATLAvatarItem.h; sourceTree = "<group>"; };
		17D7D5A11B205A2900FA96A3 /* ATLConversationPresenting.h */ = {isa = PBXFileReference; fileEncoding = 4; lastKnownFileType = sourcecode.c.h; path = ATLConversationPresenting.h; sourceTree = "<group>"; };
		17D7D5A21B205A2900FA96A3 /* ATLMessagePresenting.h */ = {isa = PBXFileReference; fileEncoding = 4; lastKnownFileType = sourcecode.c.h; path = ATLMessagePresenting.h; sourceTree = "<group>"; };
		17D7D5A31B205A2900FA96A3 /* ATLParticipant.h */ = {isa = PBXFileReference; fileEncoding = 4; lastKnownFileType = sourcecode.c.h; path = ATLParticipant.h; sourceTree = "<group>"; };
		17D7D5A41B205A2900FA96A3 /* ATLParticipantPresenting.h */ = {isa = PBXFileReference; fileEncoding = 4; lastKnownFileType = sourcecode.c.h; path = ATLParticipantPresenting.h; sourceTree = "<group>"; };
		17D7D5A61B205A2900FA96A3 /* ATLConstants.h */ = {isa = PBXFileReference; fileEncoding = 4; lastKnownFileType = sourcecode.c.h; path = ATLConstants.h; sourceTree = "<group>"; };
		17D7D5A71B205A2900FA96A3 /* ATLConstants.m */ = {isa = PBXFileReference; fileEncoding = 4; lastKnownFileType = sourcecode.c.objc; path = ATLConstants.m; sourceTree = "<group>"; };
		17D7D5A81B205A2900FA96A3 /* ATLErrors.h */ = {isa = PBXFileReference; fileEncoding = 4; lastKnownFileType = sourcecode.c.h; path = ATLErrors.h; sourceTree = "<group>"; };
		17D7D5A91B205A2900FA96A3 /* ATLErrors.m */ = {isa = PBXFileReference; fileEncoding = 4; lastKnownFileType = sourcecode.c.objc; path = ATLErrors.m; sourceTree = "<group>"; };
		17D7D5AA1B205A2900FA96A3 /* ATLLocationManager.h */ = {isa = PBXFileReference; fileEncoding = 4; lastKnownFileType = sourcecode.c.h; path = ATLLocationManager.h; sourceTree = "<group>"; };
		17D7D5AB1B205A2900FA96A3 /* ATLLocationManager.m */ = {isa = PBXFileReference; fileEncoding = 4; lastKnownFileType = sourcecode.c.objc; path = ATLLocationManager.m; sourceTree = "<group>"; };
		17D7D5AC1B205A2900FA96A3 /* ATLMediaInputStream.h */ = {isa = PBXFileReference; fileEncoding = 4; lastKnownFileType = sourcecode.c.h; path = ATLMediaInputStream.h; sourceTree = "<group>"; };
		17D7D5AD1B205A2900FA96A3 /* ATLMediaInputStream.m */ = {isa = PBXFileReference; fileEncoding = 4; lastKnownFileType = sourcecode.c.objc; path = ATLMediaInputStream.m; sourceTree = "<group>"; };
		17D7D5AE1B205A2900FA96A3 /* ATLMessagingUtilities.h */ = {isa = PBXFileReference; fileEncoding = 4; lastKnownFileType = sourcecode.c.h; path = ATLMessagingUtilities.h; sourceTree = "<group>"; };
		17D7D5AF1B205A2900FA96A3 /* ATLMessagingUtilities.m */ = {isa = PBXFileReference; fileEncoding = 4; lastKnownFileType = sourcecode.c.objc; path = ATLMessagingUtilities.m; sourceTree = "<group>"; };
		17D7D5B01B205A2900FA96A3 /* ATLUIImageHelper.h */ = {isa = PBXFileReference; fileEncoding = 4; lastKnownFileType = sourcecode.c.h; path = ATLUIImageHelper.h; sourceTree = "<group>"; };
		17D7D5B11B205A2900FA96A3 /* ATLUIImageHelper.m */ = {isa = PBXFileReference; fileEncoding = 4; lastKnownFileType = sourcecode.c.objc; path = ATLUIImageHelper.m; sourceTree = "<group>"; };
		17D7D5B31B205A2900FA96A3 /* ATLAddressBarContainerView.h */ = {isa = PBXFileReference; fileEncoding = 4; lastKnownFileType = sourcecode.c.h; path = ATLAddressBarContainerView.h; sourceTree = "<group>"; };
		17D7D5B41B205A2900FA96A3 /* ATLAddressBarContainerView.m */ = {isa = PBXFileReference; fileEncoding = 4; lastKnownFileType = sourcecode.c.objc; path = ATLAddressBarContainerView.m; sourceTree = "<group>"; };
		17D7D5B51B205A2900FA96A3 /* ATLAddressBarTextView.h */ = {isa = PBXFileReference; fileEncoding = 4; lastKnownFileType = sourcecode.c.h; path = ATLAddressBarTextView.h; sourceTree = "<group>"; };
		17D7D5B61B205A2900FA96A3 /* ATLAddressBarTextView.m */ = {isa = PBXFileReference; fileEncoding = 4; lastKnownFileType = sourcecode.c.objc; path = ATLAddressBarTextView.m; sourceTree = "<group>"; };
		17D7D5B71B205A2900FA96A3 /* ATLAddressBarView.h */ = {isa = PBXFileReference; fileEncoding = 4; lastKnownFileType = sourcecode.c.h; path = ATLAddressBarView.h; sourceTree = "<group>"; };
		17D7D5B81B205A2900FA96A3 /* ATLAddressBarView.m */ = {isa = PBXFileReference; fileEncoding = 4; lastKnownFileType = sourcecode.c.objc; path = ATLAddressBarView.m; sourceTree = "<group>"; };
		17D7D5B91B205A2900FA96A3 /* ATLAvatarImageView.h */ = {isa = PBXFileReference; fileEncoding = 4; lastKnownFileType = sourcecode.c.h; path = ATLAvatarImageView.h; sourceTree = "<group>"; };
		17D7D5BA1B205A2900FA96A3 /* ATLAvatarImageView.m */ = {isa = PBXFileReference; fileEncoding = 4; lastKnownFileType = sourcecode.c.objc; path = ATLAvatarImageView.m; sourceTree = "<group>"; };
		17D7D5BB1B205A2900FA96A3 /* ATLConversationCollectionView.h */ = {isa = PBXFileReference; fileEncoding = 4; lastKnownFileType = sourcecode.c.h; path = ATLConversationCollectionView.h; sourceTree = "<group>"; };
		17D7D5BC1B205A2900FA96A3 /* ATLConversationCollectionView.m */ = {isa = PBXFileReference; fileEncoding = 4; lastKnownFileType = sourcecode.c.objc; path = ATLConversationCollectionView.m; sourceTree = "<group>"; };
		17D7D5BD1B205A2900FA96A3 /* ATLConversationCollectionViewFooter.h */ = {isa = PBXFileReference; fileEncoding = 4; lastKnownFileType = sourcecode.c.h; path = ATLConversationCollectionViewFooter.h; sourceTree = "<group>"; };
		17D7D5BE1B205A2900FA96A3 /* ATLConversationCollectionViewFooter.m */ = {isa = PBXFileReference; fileEncoding = 4; lastKnownFileType = sourcecode.c.objc; path = ATLConversationCollectionViewFooter.m; sourceTree = "<group>"; };
		17D7D5BF1B205A2900FA96A3 /* ATLConversationCollectionViewHeader.h */ = {isa = PBXFileReference; fileEncoding = 4; lastKnownFileType = sourcecode.c.h; path = ATLConversationCollectionViewHeader.h; sourceTree = "<group>"; };
		17D7D5C01B205A2900FA96A3 /* ATLConversationCollectionViewHeader.m */ = {isa = PBXFileReference; fileEncoding = 4; lastKnownFileType = sourcecode.c.objc; path = ATLConversationCollectionViewHeader.m; sourceTree = "<group>"; };
		17D7D5C11B205A2900FA96A3 /* ATLConversationCollectionViewMoreMessagesHeader.h */ = {isa = PBXFileReference; fileEncoding = 4; lastKnownFileType = sourcecode.c.h; path = ATLConversationCollectionViewMoreMessagesHeader.h; sourceTree = "<group>"; };
		17D7D5C21B205A2900FA96A3 /* ATLConversationCollectionViewMoreMessagesHeader.m */ = {isa = PBXFileReference; fileEncoding = 4; lastKnownFileType = sourcecode.c.objc; path = ATLConversationCollectionViewMoreMessagesHeader.m; sourceTree = "<group>"; };
		17D7D5C31B205A2900FA96A3 /* ATLConversationTableViewCell.h */ = {isa = PBXFileReference; fileEncoding = 4; lastKnownFileType = sourcecode.c.h; path = ATLConversationTableViewCell.h; sourceTree = "<group>"; };
		17D7D5C41B205A2900FA96A3 /* ATLConversationTableViewCell.m */ = {isa = PBXFileReference; fileEncoding = 4; lastKnownFileType = sourcecode.c.objc; path = ATLConversationTableViewCell.m; sourceTree = "<group>"; };
		17D7D5C51B205A2900FA96A3 /* ATLConversationView.h */ = {isa = PBXFileReference; fileEncoding = 4; lastKnownFileType = sourcecode.c.h; path = ATLConversationView.h; sourceTree = "<group>"; };
		17D7D5C61B205A2900FA96A3 /* ATLConversationView.m */ = {isa = PBXFileReference; fileEncoding = 4; lastKnownFileType = sourcecode.c.objc; path = ATLConversationView.m; sourceTree = "<group>"; };
		17D7D5C71B205A2900FA96A3 /* ATLIncomingMessageCollectionViewCell.h */ = {isa = PBXFileReference; fileEncoding = 4; lastKnownFileType = sourcecode.c.h; path = ATLIncomingMessageCollectionViewCell.h; sourceTree = "<group>"; };
		17D7D5C81B205A2900FA96A3 /* ATLIncomingMessageCollectionViewCell.m */ = {isa = PBXFileReference; fileEncoding = 4; lastKnownFileType = sourcecode.c.objc; path = ATLIncomingMessageCollectionViewCell.m; sourceTree = "<group>"; };
		17D7D5C91B205A2900FA96A3 /* ATLMessageBubbleView.h */ = {isa = PBXFileReference; fileEncoding = 4; lastKnownFileType = sourcecode.c.h; path = ATLMessageBubbleView.h; sourceTree = "<group>"; };
		17D7D5CA1B205A2900FA96A3 /* ATLMessageBubbleView.m */ = {isa = PBXFileReference; fileEncoding = 4; lastKnownFileType = sourcecode.c.objc; path = ATLMessageBubbleView.m; sourceTree = "<group>"; };
		17D7D5CB1B205A2900FA96A3 /* ATLMessageCollectionViewCell.h */ = {isa = PBXFileReference; fileEncoding = 4; lastKnownFileType = sourcecode.c.h; path = ATLMessageCollectionViewCell.h; sourceTree = "<group>"; };
		17D7D5CC1B205A2900FA96A3 /* ATLMessageCollectionViewCell.m */ = {isa = PBXFileReference; fileEncoding = 4; lastKnownFileType = sourcecode.c.objc; path = ATLMessageCollectionViewCell.m; sourceTree = "<group>"; };
		17D7D5CD1B205A2900FA96A3 /* ATLMessageComposeTextView.h */ = {isa = PBXFileReference; fileEncoding = 4; lastKnownFileType = sourcecode.c.h; path = ATLMessageComposeTextView.h; sourceTree = "<group>"; };
		17D7D5CE1B205A2900FA96A3 /* ATLMessageComposeTextView.m */ = {isa = PBXFileReference; fileEncoding = 4; lastKnownFileType = sourcecode.c.objc; path = ATLMessageComposeTextView.m; sourceTree = "<group>"; };
		17D7D5CF1B205A2900FA96A3 /* ATLMessageInputToolbar.h */ = {isa = PBXFileReference; fileEncoding = 4; lastKnownFileType = sourcecode.c.h; path = ATLMessageInputToolbar.h; sourceTree = "<group>"; };
		17D7D5D01B205A2900FA96A3 /* ATLMessageInputToolbar.m */ = {isa = PBXFileReference; fileEncoding = 4; lastKnownFileType = sourcecode.c.objc; path = ATLMessageInputToolbar.m; sourceTree = "<group>"; };
		17D7D5D11B205A2900FA96A3 /* ATLOutgoingMessageCollectionViewCell.h */ = {isa = PBXFileReference; fileEncoding = 4; lastKnownFileType = sourcecode.c.h; path = ATLOutgoingMessageCollectionViewCell.h; sourceTree = "<group>"; };
		17D7D5D21B205A2900FA96A3 /* ATLOutgoingMessageCollectionViewCell.m */ = {isa = PBXFileReference; fileEncoding = 4; lastKnownFileType = sourcecode.c.objc; path = ATLOutgoingMessageCollectionViewCell.m; sourceTree = "<group>"; };
		17D7D5D31B205A2900FA96A3 /* ATLParticipantSectionHeaderView.h */ = {isa = PBXFileReference; fileEncoding = 4; lastKnownFileType = sourcecode.c.h; path = ATLParticipantSectionHeaderView.h; sourceTree = "<group>"; };
		17D7D5D41B205A2900FA96A3 /* ATLParticipantSectionHeaderView.m */ = {isa = PBXFileReference; fileEncoding = 4; lastKnownFileType = sourcecode.c.objc; path = ATLParticipantSectionHeaderView.m; sourceTree = "<group>"; };
		17D7D5D51B205A2900FA96A3 /* ATLParticipantTableViewCell.h */ = {isa = PBXFileReference; fileEncoding = 4; lastKnownFileType = sourcecode.c.h; path = ATLParticipantTableViewCell.h; sourceTree = "<group>"; };
		17D7D5D61B205A2900FA96A3 /* ATLParticipantTableViewCell.m */ = {isa = PBXFileReference; fileEncoding = 4; lastKnownFileType = sourcecode.c.objc; path = ATLParticipantTableViewCell.m; sourceTree = "<group>"; };
		17D7D5D71B205A2900FA96A3 /* ATLProgressView.h */ = {isa = PBXFileReference; fileEncoding = 4; lastKnownFileType = sourcecode.c.h; path = ATLProgressView.h; sourceTree = "<group>"; };
		17D7D5D81B205A2900FA96A3 /* ATLProgressView.m */ = {isa = PBXFileReference; fileEncoding = 4; lastKnownFileType = sourcecode.c.objc; path = ATLProgressView.m; sourceTree = "<group>"; };
		17D86E531B1D243000A72F34 /* SettingsFormView.swift */ = {isa = PBXFileReference; fileEncoding = 4; lastKnownFileType = sourcecode.swift; path = SettingsFormView.swift; sourceTree = "<group>"; };
		17E30D891B0D48CD003331BB /* Doorbell-Bridging-Header.h */ = {isa = PBXFileReference; lastKnownFileType = sourcecode.c.h; path = "Doorbell-Bridging-Header.h"; sourceTree = "<group>"; };
		17E670051B1288A60086D68F /* LayerClient.swift */ = {isa = PBXFileReference; fileEncoding = 4; lastKnownFileType = sourcecode.swift; path = LayerClient.swift; sourceTree = "<group>"; };
		54DF26C4B671A612C6817CC1 /* Pods-Doorbell.release.xcconfig */ = {isa = PBXFileReference; includeInIndex = 1; lastKnownFileType = text.xcconfig; name = "Pods-Doorbell.release.xcconfig"; path = "Pods/Target Support Files/Pods-Doorbell/Pods-Doorbell.release.xcconfig"; sourceTree = "<group>"; };
		6061A033492DFB42E4D15802 /* Pods_Doorbell.framework */ = {isa = PBXFileReference; explicitFileType = wrapper.framework; includeInIndex = 0; path = Pods_Doorbell.framework; sourceTree = BUILT_PRODUCTS_DIR; };
		91F4F0FE5EBD03AAFCB1958D /* Pods-Doorbell.debug.xcconfig */ = {isa = PBXFileReference; includeInIndex = 1; lastKnownFileType = text.xcconfig; name = "Pods-Doorbell.debug.xcconfig"; path = "Pods/Target Support Files/Pods-Doorbell/Pods-Doorbell.debug.xcconfig"; sourceTree = "<group>"; };
/* End PBXFileReference section */

/* Begin PBXFrameworksBuildPhase section */
		17850AD01B0D464600504176 /* Frameworks */ = {
			isa = PBXFrameworksBuildPhase;
			buildActionMask = 2147483647;
			files = (
				0433C0B286BC816E93465DF3 /* Pods_Doorbell.framework in Frameworks */,
			);
			runOnlyForDeploymentPostprocessing = 0;
		};
		17850AE51B0D464600504176 /* Frameworks */ = {
			isa = PBXFrameworksBuildPhase;
			buildActionMask = 2147483647;
			files = (
			);
			runOnlyForDeploymentPostprocessing = 0;
		};
/* End PBXFrameworksBuildPhase section */

/* Begin PBXGroup section */
		17223D3D1B0FCF5E00B37BCD /* Authentication */ = {
			isa = PBXGroup;
			children = (
				17223D371B0FB0C400B37BCD /* Authentication.storyboard */,
				1774219A1B1E5A61006968E6 /* LogInFormView.swift */,
				1774219C1B1E5A6C006968E6 /* SignUpFormView.swift */,
			);
			path = Authentication;
			sourceTree = "<group>";
		};
		1728B66D3E7E7F5A90DAACBD /* Frameworks */ = {
			isa = PBXGroup;
			children = (
				6061A033492DFB42E4D15802 /* Pods_Doorbell.framework */,
			);
			name = Frameworks;
			sourceTree = "<group>";
		};
		173CC1351B116C47007ACB1C /* Ads */ = {
			isa = PBXGroup;
			children = (
				17D14D9C1B154CE3003C93BA /* Ads.storyboard */,
			);
			path = Ads;
			sourceTree = "<group>";
		};
		173CC1381B116CA3007ACB1C /* Settings */ = {
			isa = PBXGroup;
			children = (
				17D14D921B1540B2003C93BA /* Settings.storyboard */,
				17D86E531B1D243000A72F34 /* SettingsFormView.swift */,
				177421981B1E529C006968E6 /* SettingsEditProfileFormView.swift */,
				1774219E1B1E623C006968E6 /* SettingsChangePasswordFormView.swift */,
			);
			path = Settings;
			sourceTree = "<group>";
		};
		173CC13B1B116F98007ACB1C /* Chats */ = {
			isa = PBXGroup;
			children = (
			);
			path = Chats;
			sourceTree = "<group>";
		};
		178403A11B11549C00EBA244 /* Calendar */ = {
			isa = PBXGroup;
			children = (
				17D14D981B154C99003C93BA /* Calendar.storyboard */,
				17B5B6201B24EE3600571AB0 /* CalendarNewEventFormView.swift */,
				17B5B61E1B24E3A300571AB0 /* CalendarEventTableViewCell.swift */,
			);
			path = Calendar;
			sourceTree = "<group>";
		};
		178403A41B11550E00EBA244 /* Directory */ = {
			isa = PBXGroup;
			children = (
				17D14D9A1B154CCC003C93BA /* Directory.storyboard */,
			);
			path = Directory;
			sourceTree = "<group>";
		};
		1784853F1B0D609200C2B1D0 /* Resources */ = {
			isa = PBXGroup;
			children = (
				17850AD71B0D464600504176 /* Info.plist */,
				17850AE11B0D464600504176 /* LaunchScreen.xib */,
				17CB52F91B1D1945000E96C6 /* Images.xcassets */,
				17CB52FB1B1D19CC000E96C6 /* AtlasResource.bundle */,
			);
			path = Resources;
			sourceTree = "<group>";
		};
		17850ACA1B0D464600504176 = {
			isa = PBXGroup;
			children = (
				17850AD51B0D464600504176 /* Code */,
				1784853F1B0D609200C2B1D0 /* Resources */,
				17850AEB1B0D464600504176 /* Tests */,
				17850AD41B0D464600504176 /* Products */,
				24FEB8909A8ECD5EE1DE1713 /* Pods */,
				1728B66D3E7E7F5A90DAACBD /* Frameworks */,
			);
			sourceTree = "<group>";
		};
		17850AD41B0D464600504176 /* Products */ = {
			isa = PBXGroup;
			children = (
				17850AD31B0D464600504176 /* Doorbell.app */,
				17850AE81B0D464600504176 /* DoorbellTests.xctest */,
			);
			name = Products;
			sourceTree = "<group>";
		};
		17850AD51B0D464600504176 /* Code */ = {
			isa = PBXGroup;
			children = (
				17850AD81B0D464600504176 /* AppDelegate.swift */,
				17ABCF691B1D128700DF2385 /* Controllers */,
				17D14D9E1B154D20003C93BA /* Views */,
				179262431B16384B006315AA /* Models */,
				17D14D9F1B154E0C003C93BA /* Utilities */,
				1790629E1B2647270006084B /* Protocols */,
				17850AD61B0D464600504176 /* Supporting Files */,
			);
			path = Code;
			sourceTree = "<group>";
		};
		17850AD61B0D464600504176 /* Supporting Files */ = {
			isa = PBXGroup;
			children = (
				17E30D891B0D48CD003331BB /* Doorbell-Bridging-Header.h */,
				17D7D5861B205A2900FA96A3 /* Atlas */,
			);
			path = "Supporting Files";
			sourceTree = "<group>";
		};
		17850AEB1B0D464600504176 /* Tests */ = {
			isa = PBXGroup;
			children = (
				17850AEE1B0D464600504176 /* DoorbellTests.swift */,
				17850AEC1B0D464600504176 /* Supporting Files */,
			);
			path = Tests;
			sourceTree = "<group>";
		};
		17850AEC1B0D464600504176 /* Supporting Files */ = {
			isa = PBXGroup;
			children = (
				17850AED1B0D464600504176 /* Info.plist */,
			);
			path = "Supporting Files";
			sourceTree = "<group>";
		};
		1790629E1B2647270006084B /* Protocols */ = {
			isa = PBXGroup;
			children = (
				1790629F1B26473B0006084B /* FormProtocol.swift */,
				179062A11B264AD40006084B /* FormViewProtocol.swift */,
			);
			path = Protocols;
			sourceTree = "<group>";
		};
		179262431B16384B006315AA /* Models */ = {
			isa = PBXGroup;
			children = (
				179262441B163889006315AA /* PFUser.swift */,
				17B5B6281B25262600571AB0 /* Event.swift */,
			);
			path = Models;
			sourceTree = "<group>";
		};
		17ABCF691B1D128700DF2385 /* Controllers */ = {
			isa = PBXGroup;
			children = (
				17D14D751B14F751003C93BA /* InitialViewController.swift */,
				173CC1401B117323007ACB1C /* TabBarController.swift */,
				17ABCF6F1B1D12AC00DF2385 /* Authentication */,
				17ABCF6A1B1D129400DF2385 /* Chats */,
				17ABCF6B1B1D129800DF2385 /* Calendar */,
				17ABCF6C1B1D129C00DF2385 /* Directory */,
				17ABCF6D1B1D12A100DF2385 /* Ads */,
				17ABCF6E1B1D12A600DF2385 /* Settings */,
			);
			path = Controllers;
			sourceTree = "<group>";
		};
		17ABCF6A1B1D129400DF2385 /* Chats */ = {
			isa = PBXGroup;
			children = (
				17D14D7C1B151C89003C93BA /* ChatsNavigationViewController.swift */,
				173CC1421B1177E7007ACB1C /* ChatsConversationListViewController.swift */,
				17A9C9C21B15D4A000DD5E20 /* ChatsConversationViewController.swift */,
				177589681B1910640094CED2 /* ChatsParticipantTableViewController.swift */,
			);
			path = Chats;
			sourceTree = "<group>";
		};
		17ABCF6B1B1D129800DF2385 /* Calendar */ = {
			isa = PBXGroup;
			children = (
				17D14D801B151E7B003C93BA /* CalendarTableViewController.swift */,
				17B5B6241B24FB1100571AB0 /* CalendarNewEventViewController.swift */,
			);
			path = Calendar;
			sourceTree = "<group>";
		};
		17ABCF6C1B1D129C00DF2385 /* Directory */ = {
			isa = PBXGroup;
			children = (
				17D14D841B151FF2003C93BA /* DirectoryViewController.swift */,
			);
			path = Directory;
			sourceTree = "<group>";
		};
		17ABCF6D1B1D12A100DF2385 /* Ads */ = {
			isa = PBXGroup;
			children = (
				17D14D861B15201B003C93BA /* AdsViewController.swift */,
			);
			path = Ads;
			sourceTree = "<group>";
		};
		17ABCF6E1B1D12A600DF2385 /* Settings */ = {
			isa = PBXGroup;
			children = (
				173CC1441B11A771007ACB1C /* SettingsViewController.swift */,
				173CC1481B11CF7F007ACB1C /* SettingsEditProfileViewController.swift */,
				177421A01B1E6361006968E6 /* SettingsChangePasswordViewController.swift */,
				17D7D5841B203E1200FA96A3 /* SettingsAboutViewController.swift */,
			);
			path = Settings;
			sourceTree = "<group>";
		};
		17ABCF6F1B1D12AC00DF2385 /* Authentication */ = {
			isa = PBXGroup;
			children = (
				17223D391B0FB21C00B37BCD /* LogInViewController.swift */,
				17223D3B1B0FC11F00B37BCD /* SignUpViewController.swift */,
			);
			path = Authentication;
			sourceTree = "<group>";
		};
		17D14D9E1B154D20003C93BA /* Views */ = {
			isa = PBXGroup;
			children = (
				17D14D8C1B153B73003C93BA /* Main.storyboard */,
				17223D3D1B0FCF5E00B37BCD /* Authentication */,
				173CC13B1B116F98007ACB1C /* Chats */,
				178403A11B11549C00EBA244 /* Calendar */,
				178403A41B11550E00EBA244 /* Directory */,
				173CC1351B116C47007ACB1C /* Ads */,
				173CC1381B116CA3007ACB1C /* Settings */,
			);
			path = Views;
			sourceTree = "<group>";
		};
		17D14D9F1B154E0C003C93BA /* Utilities */ = {
			isa = PBXGroup;
			children = (
				17E670051B1288A60086D68F /* LayerClient.swift */,
				177421AC1B1E8B3B006968E6 /* LYRClientPromiseKit.swift */,
				177589661B18FED90094CED2 /* UserManager.swift */,
				179062A31B264C590006084B /* FormViewController.swift */,
				179062A71B26631D0006084B /* KHAFormCellStyles.swift */,
			);
			path = Utilities;
			sourceTree = "<group>";
		};
		17D7D5861B205A2900FA96A3 /* Atlas */ = {
			isa = PBXGroup;
			children = (
				17D7D5871B205A2900FA96A3 /* Atlas.h */,
				17D7D5881B205A2900FA96A3 /* Atlas.m */,
				17D7D5891B205A2900FA96A3 /* Controllers */,
				17D7D5961B205A2900FA96A3 /* Models */,
				17D7D59F1B205A2900FA96A3 /* Protocols */,
				17D7D5A51B205A2900FA96A3 /* Utilities */,
				17D7D5B21B205A2900FA96A3 /* Views */,
			);
			path = Atlas;
			sourceTree = "<group>";
		};
		17D7D5891B205A2900FA96A3 /* Controllers */ = {
			isa = PBXGroup;
			children = (
				17D7D58A1B205A2900FA96A3 /* ATLAddressBarViewController.h */,
				17D7D58B1B205A2900FA96A3 /* ATLAddressBarViewController.m */,
				17D7D58C1B205A2900FA96A3 /* ATLBaseConversationViewController.h */,
				17D7D58D1B205A2900FA96A3 /* ATLBaseConversationViewController.m */,
				17D7D58E1B205A2900FA96A3 /* ATLConversationListViewController.h */,
				17D7D58F1B205A2900FA96A3 /* ATLConversationListViewController.m */,
				17D7D5901B205A2900FA96A3 /* ATLConversationViewController.h */,
				17D7D5911B205A2900FA96A3 /* ATLConversationViewController.m */,
				17D7D5921B205A2900FA96A3 /* ATLParticipantTableViewController.h */,
				17D7D5931B205A2900FA96A3 /* ATLParticipantTableViewController.m */,
				17D7D5941B205A2900FA96A3 /* ATLTypingIndicatorViewController.h */,
				17D7D5951B205A2900FA96A3 /* ATLTypingIndicatorViewController.m */,
			);
			path = Controllers;
			sourceTree = "<group>";
		};
		17D7D5961B205A2900FA96A3 /* Models */ = {
			isa = PBXGroup;
			children = (
				17D7D5971B205A2900FA96A3 /* ATLConversationDataSource.h */,
				17D7D5981B205A2900FA96A3 /* ATLConversationDataSource.m */,
				17D7D5991B205A2900FA96A3 /* ATLDataSourceChange.h */,
				17D7D59A1B205A2900FA96A3 /* ATLDataSourceChange.m */,
				17D7D59B1B205A2900FA96A3 /* ATLMediaAttachment.h */,
				17D7D59C1B205A2900FA96A3 /* ATLMediaAttachment.m */,
				17D7D59D1B205A2900FA96A3 /* ATLParticipantTableDataSet.h */,
				17D7D59E1B205A2900FA96A3 /* ATLParticipantTableDataSet.m */,
			);
			path = Models;
			sourceTree = "<group>";
		};
		17D7D59F1B205A2900FA96A3 /* Protocols */ = {
			isa = PBXGroup;
			children = (
				17D7D5A01B205A2900FA96A3 /* ATLAvatarItem.h */,
				17D7D5A11B205A2900FA96A3 /* ATLConversationPresenting.h */,
				17D7D5A21B205A2900FA96A3 /* ATLMessagePresenting.h */,
				17D7D5A31B205A2900FA96A3 /* ATLParticipant.h */,
				17D7D5A41B205A2900FA96A3 /* ATLParticipantPresenting.h */,
			);
			path = Protocols;
			sourceTree = "<group>";
		};
		17D7D5A51B205A2900FA96A3 /* Utilities */ = {
			isa = PBXGroup;
			children = (
				17D7D5A61B205A2900FA96A3 /* ATLConstants.h */,
				17D7D5A71B205A2900FA96A3 /* ATLConstants.m */,
				17D7D5A81B205A2900FA96A3 /* ATLErrors.h */,
				17D7D5A91B205A2900FA96A3 /* ATLErrors.m */,
				17D7D5AA1B205A2900FA96A3 /* ATLLocationManager.h */,
				17D7D5AB1B205A2900FA96A3 /* ATLLocationManager.m */,
				17D7D5AC1B205A2900FA96A3 /* ATLMediaInputStream.h */,
				17D7D5AD1B205A2900FA96A3 /* ATLMediaInputStream.m */,
				17D7D5AE1B205A2900FA96A3 /* ATLMessagingUtilities.h */,
				17D7D5AF1B205A2900FA96A3 /* ATLMessagingUtilities.m */,
				17D7D5B01B205A2900FA96A3 /* ATLUIImageHelper.h */,
				17D7D5B11B205A2900FA96A3 /* ATLUIImageHelper.m */,
			);
			path = Utilities;
			sourceTree = "<group>";
		};
		17D7D5B21B205A2900FA96A3 /* Views */ = {
			isa = PBXGroup;
			children = (
				17D7D5B31B205A2900FA96A3 /* ATLAddressBarContainerView.h */,
				17D7D5B41B205A2900FA96A3 /* ATLAddressBarContainerView.m */,
				17D7D5B51B205A2900FA96A3 /* ATLAddressBarTextView.h */,
				17D7D5B61B205A2900FA96A3 /* ATLAddressBarTextView.m */,
				17D7D5B71B205A2900FA96A3 /* ATLAddressBarView.h */,
				17D7D5B81B205A2900FA96A3 /* ATLAddressBarView.m */,
				17D7D5B91B205A2900FA96A3 /* ATLAvatarImageView.h */,
				17D7D5BA1B205A2900FA96A3 /* ATLAvatarImageView.m */,
				17D7D5BB1B205A2900FA96A3 /* ATLConversationCollectionView.h */,
				17D7D5BC1B205A2900FA96A3 /* ATLConversationCollectionView.m */,
				17D7D5BD1B205A2900FA96A3 /* ATLConversationCollectionViewFooter.h */,
				17D7D5BE1B205A2900FA96A3 /* ATLConversationCollectionViewFooter.m */,
				17D7D5BF1B205A2900FA96A3 /* ATLConversationCollectionViewHeader.h */,
				17D7D5C01B205A2900FA96A3 /* ATLConversationCollectionViewHeader.m */,
				17D7D5C11B205A2900FA96A3 /* ATLConversationCollectionViewMoreMessagesHeader.h */,
				17D7D5C21B205A2900FA96A3 /* ATLConversationCollectionViewMoreMessagesHeader.m */,
				17D7D5C31B205A2900FA96A3 /* ATLConversationTableViewCell.h */,
				17D7D5C41B205A2900FA96A3 /* ATLConversationTableViewCell.m */,
				17D7D5C51B205A2900FA96A3 /* ATLConversationView.h */,
				17D7D5C61B205A2900FA96A3 /* ATLConversationView.m */,
				17D7D5C71B205A2900FA96A3 /* ATLIncomingMessageCollectionViewCell.h */,
				17D7D5C81B205A2900FA96A3 /* ATLIncomingMessageCollectionViewCell.m */,
				17D7D5C91B205A2900FA96A3 /* ATLMessageBubbleView.h */,
				17D7D5CA1B205A2900FA96A3 /* ATLMessageBubbleView.m */,
				17D7D5CB1B205A2900FA96A3 /* ATLMessageCollectionViewCell.h */,
				17D7D5CC1B205A2900FA96A3 /* ATLMessageCollectionViewCell.m */,
				17D7D5CD1B205A2900FA96A3 /* ATLMessageComposeTextView.h */,
				17D7D5CE1B205A2900FA96A3 /* ATLMessageComposeTextView.m */,
				17D7D5CF1B205A2900FA96A3 /* ATLMessageInputToolbar.h */,
				17D7D5D01B205A2900FA96A3 /* ATLMessageInputToolbar.m */,
				17D7D5D11B205A2900FA96A3 /* ATLOutgoingMessageCollectionViewCell.h */,
				17D7D5D21B205A2900FA96A3 /* ATLOutgoingMessageCollectionViewCell.m */,
				17D7D5D31B205A2900FA96A3 /* ATLParticipantSectionHeaderView.h */,
				17D7D5D41B205A2900FA96A3 /* ATLParticipantSectionHeaderView.m */,
				17D7D5D51B205A2900FA96A3 /* ATLParticipantTableViewCell.h */,
				17D7D5D61B205A2900FA96A3 /* ATLParticipantTableViewCell.m */,
				17D7D5D71B205A2900FA96A3 /* ATLProgressView.h */,
				17D7D5D81B205A2900FA96A3 /* ATLProgressView.m */,
			);
			path = Views;
			sourceTree = "<group>";
		};
		24FEB8909A8ECD5EE1DE1713 /* Pods */ = {
			isa = PBXGroup;
			children = (
				91F4F0FE5EBD03AAFCB1958D /* Pods-Doorbell.debug.xcconfig */,
				54DF26C4B671A612C6817CC1 /* Pods-Doorbell.release.xcconfig */,
			);
			name = Pods;
			sourceTree = "<group>";
		};
/* End PBXGroup section */

/* Begin PBXNativeTarget section */
		17850AD21B0D464600504176 /* Doorbell */ = {
			isa = PBXNativeTarget;
			buildConfigurationList = 17850AF21B0D464600504176 /* Build configuration list for PBXNativeTarget "Doorbell" */;
			buildPhases = (
				A1F834D45CDE03E1EC70E862 /* Check Pods Manifest.lock */,
				17850ACF1B0D464600504176 /* Sources */,
				17850AD01B0D464600504176 /* Frameworks */,
				17850AD11B0D464600504176 /* Resources */,
				D77230FD6F5DACD3413F7EF3 /* Copy Pods Resources */,
				3CFC85BDB2F56E663BDADCC4 /* Embed Pods Frameworks */,
			);
			buildRules = (
			);
			dependencies = (
			);
			name = Doorbell;
			productName = Doorbell;
			productReference = 17850AD31B0D464600504176 /* Doorbell.app */;
			productType = "com.apple.product-type.application";
		};
		17850AE71B0D464600504176 /* DoorbellTests */ = {
			isa = PBXNativeTarget;
			buildConfigurationList = 17850AF51B0D464600504176 /* Build configuration list for PBXNativeTarget "DoorbellTests" */;
			buildPhases = (
				17850AE41B0D464600504176 /* Sources */,
				17850AE51B0D464600504176 /* Frameworks */,
				17850AE61B0D464600504176 /* Resources */,
			);
			buildRules = (
			);
			dependencies = (
				17850AEA1B0D464600504176 /* PBXTargetDependency */,
			);
			name = DoorbellTests;
			productName = DoorbellTests;
			productReference = 17850AE81B0D464600504176 /* DoorbellTests.xctest */;
			productType = "com.apple.product-type.bundle.unit-test";
		};
/* End PBXNativeTarget section */

/* Begin PBXProject section */
		17850ACB1B0D464600504176 /* Project object */ = {
			isa = PBXProject;
			attributes = {
				LastUpgradeCheck = 0630;
				ORGANIZATIONNAME = Doorbell;
				TargetAttributes = {
					17850AD21B0D464600504176 = {
						CreatedOnToolsVersion = 6.3.2;
						DevelopmentTeam = SWM5Z73U9N;
					};
					17850AE71B0D464600504176 = {
						CreatedOnToolsVersion = 6.3.2;
						TestTargetID = 17850AD21B0D464600504176;
					};
				};
			};
			buildConfigurationList = 17850ACE1B0D464600504176 /* Build configuration list for PBXProject "Doorbell" */;
			compatibilityVersion = "Xcode 3.2";
			developmentRegion = English;
			hasScannedForEncodings = 0;
			knownRegions = (
				en,
				Base,
			);
			mainGroup = 17850ACA1B0D464600504176;
			productRefGroup = 17850AD41B0D464600504176 /* Products */;
			projectDirPath = "";
			projectRoot = "";
			targets = (
				17850AD21B0D464600504176 /* Doorbell */,
				17850AE71B0D464600504176 /* DoorbellTests */,
			);
		};
/* End PBXProject section */

/* Begin PBXResourcesBuildPhase section */
		17850AD11B0D464600504176 /* Resources */ = {
			isa = PBXResourcesBuildPhase;
			buildActionMask = 2147483647;
			files = (
				17223D381B0FB0C400B37BCD /* Authentication.storyboard in Resources */,
				17850AE31B0D464600504176 /* LaunchScreen.xib in Resources */,
				17CB52FC1B1D19CC000E96C6 /* AtlasResource.bundle in Resources */,
				17D14D8D1B153B73003C93BA /* Main.storyboard in Resources */,
				17D14D9D1B154CE3003C93BA /* Ads.storyboard in Resources */,
				17D14D9B1B154CCC003C93BA /* Directory.storyboard in Resources */,
				17D14D931B1540B2003C93BA /* Settings.storyboard in Resources */,
				17CB52FA1B1D1945000E96C6 /* Images.xcassets in Resources */,
				17D14D991B154C99003C93BA /* Calendar.storyboard in Resources */,
			);
			runOnlyForDeploymentPostprocessing = 0;
		};
		17850AE61B0D464600504176 /* Resources */ = {
			isa = PBXResourcesBuildPhase;
			buildActionMask = 2147483647;
			files = (
			);
			runOnlyForDeploymentPostprocessing = 0;
		};
/* End PBXResourcesBuildPhase section */

/* Begin PBXShellScriptBuildPhase section */
		3CFC85BDB2F56E663BDADCC4 /* Embed Pods Frameworks */ = {
			isa = PBXShellScriptBuildPhase;
			buildActionMask = 2147483647;
			files = (
			);
			inputPaths = (
			);
			name = "Embed Pods Frameworks";
			outputPaths = (
			);
			runOnlyForDeploymentPostprocessing = 0;
			shellPath = /bin/sh;
			shellScript = "\"${SRCROOT}/Pods/Target Support Files/Pods-Doorbell/Pods-Doorbell-frameworks.sh\"\n";
			showEnvVarsInLog = 0;
		};
		A1F834D45CDE03E1EC70E862 /* Check Pods Manifest.lock */ = {
			isa = PBXShellScriptBuildPhase;
			buildActionMask = 2147483647;
			files = (
			);
			inputPaths = (
			);
			name = "Check Pods Manifest.lock";
			outputPaths = (
			);
			runOnlyForDeploymentPostprocessing = 0;
			shellPath = /bin/sh;
			shellScript = "diff \"${PODS_ROOT}/../Podfile.lock\" \"${PODS_ROOT}/Manifest.lock\" > /dev/null\nif [[ $? != 0 ]] ; then\n    cat << EOM\nerror: The sandbox is not in sync with the Podfile.lock. Run 'pod install' or update your CocoaPods installation.\nEOM\n    exit 1\nfi\n";
			showEnvVarsInLog = 0;
		};
		D77230FD6F5DACD3413F7EF3 /* Copy Pods Resources */ = {
			isa = PBXShellScriptBuildPhase;
			buildActionMask = 2147483647;
			files = (
			);
			inputPaths = (
			);
			name = "Copy Pods Resources";
			outputPaths = (
			);
			runOnlyForDeploymentPostprocessing = 0;
			shellPath = /bin/sh;
			shellScript = "\"${SRCROOT}/Pods/Target Support Files/Pods-Doorbell/Pods-Doorbell-resources.sh\"\n";
			showEnvVarsInLog = 0;
		};
/* End PBXShellScriptBuildPhase section */

/* Begin PBXSourcesBuildPhase section */
		17850ACF1B0D464600504176 /* Sources */ = {
			isa = PBXSourcesBuildPhase;
			buildActionMask = 2147483647;
			files = (
				179262451B163889006315AA /* PFUser.swift in Sources */,
				17D7D5DA1B205A2900FA96A3 /* ATLAddressBarViewController.m in Sources */,
				17D7D5F71B205A2900FA96A3 /* ATLMessageComposeTextView.m in Sources */,
				17223D3A1B0FB21C00B37BCD /* LogInViewController.swift in Sources */,
				17B5B6251B24FB1100571AB0 /* CalendarNewEventViewController.swift in Sources */,
				177421A11B1E6361006968E6 /* SettingsChangePasswordViewController.swift in Sources */,
				17D7D5F81B205A2900FA96A3 /* ATLMessageInputToolbar.m in Sources */,
				17D7D5E61B205A2900FA96A3 /* ATLLocationManager.m in Sources */,
				17D7D5E71B205A2900FA96A3 /* ATLMediaInputStream.m in Sources */,
				17D7D5EE1B205A2900FA96A3 /* ATLConversationCollectionView.m in Sources */,
				17B5B6291B25262600571AB0 /* Event.swift in Sources */,
				17D7D5D91B205A2900FA96A3 /* Atlas.m in Sources */,
				17D7D5ED1B205A2900FA96A3 /* ATLAvatarImageView.m in Sources */,
				17D7D5E31B205A2900FA96A3 /* ATLParticipantTableDataSet.m in Sources */,
				179062A21B264AD40006084B /* FormViewProtocol.swift in Sources */,
				17D7D5F21B205A2900FA96A3 /* ATLConversationTableViewCell.m in Sources */,
				17D7D5DD1B205A2900FA96A3 /* ATLConversationViewController.m in Sources */,
				17D7D5E41B205A2900FA96A3 /* ATLConstants.m in Sources */,
				17D7D5E51B205A2900FA96A3 /* ATLErrors.m in Sources */,
				17D7D5E91B205A2900FA96A3 /* ATLUIImageHelper.m in Sources */,
				177589691B1910640094CED2 /* ChatsParticipantTableViewController.swift in Sources */,
				17D14D761B14F751003C93BA /* InitialViewController.swift in Sources */,
				17D7D5F41B205A2900FA96A3 /* ATLIncomingMessageCollectionViewCell.m in Sources */,
				17D7D5F91B205A2900FA96A3 /* ATLOutgoingMessageCollectionViewCell.m in Sources */,
				17D7D5FC1B205A2900FA96A3 /* ATLProgressView.m in Sources */,
				17D86E541B1D243000A72F34 /* SettingsFormView.swift in Sources */,
				17D7D5F11B205A2900FA96A3 /* ATLConversationCollectionViewMoreMessagesHeader.m in Sources */,
				17D7D5DF1B205A2900FA96A3 /* ATLTypingIndicatorViewController.m in Sources */,
				177421991B1E529C006968E6 /* SettingsEditProfileFormView.swift in Sources */,
				17D7D5EC1B205A2900FA96A3 /* ATLAddressBarView.m in Sources */,
				17850AD91B0D464600504176 /* AppDelegate.swift in Sources */,
				17D7D5EB1B205A2900FA96A3 /* ATLAddressBarTextView.m in Sources */,
				17D7D5851B203E1200FA96A3 /* SettingsAboutViewController.swift in Sources */,
				1774219D1B1E5A6C006968E6 /* SignUpFormView.swift in Sources */,
				17D7D5EA1B205A2900FA96A3 /* ATLAddressBarContainerView.m in Sources */,
				17D7D5E11B205A2900FA96A3 /* ATLDataSourceChange.m in Sources */,
				177589671B18FED90094CED2 /* UserManager.swift in Sources */,
				17D14D871B15201B003C93BA /* AdsViewController.swift in Sources */,
				17D14D7D1B151C89003C93BA /* ChatsNavigationViewController.swift in Sources */,
				173CC1451B11A771007ACB1C /* SettingsViewController.swift in Sources */,
				173CC1491B11CF7F007ACB1C /* SettingsEditProfileViewController.swift in Sources */,
				177421AD1B1E8B3B006968E6 /* LYRClientPromiseKit.swift in Sources */,
				17D7D5E01B205A2900FA96A3 /* ATLConversationDataSource.m in Sources */,
				173CC1431B1177E7007ACB1C /* ChatsConversationListViewController.swift in Sources */,
				17D7D5EF1B205A2900FA96A3 /* ATLConversationCollectionViewFooter.m in Sources */,
				17D7D5DC1B205A2900FA96A3 /* ATLConversationListViewController.m in Sources */,
				1774219F1B1E623C006968E6 /* SettingsChangePasswordFormView.swift in Sources */,
				17D7D5F51B205A2900FA96A3 /* ATLMessageBubbleView.m in Sources */,
				179062A01B26473B0006084B /* FormProtocol.swift in Sources */,
				179062A81B26631D0006084B /* KHAFormCellStyles.swift in Sources */,
				17D7D5FA1B205A2900FA96A3 /* ATLParticipantSectionHeaderView.m in Sources */,
				17D7D5DE1B205A2900FA96A3 /* ATLParticipantTableViewController.m in Sources */,
				17B5B6211B24EE3600571AB0 /* CalendarNewEventFormView.swift in Sources */,
				17D7D5DB1B205A2900FA96A3 /* ATLBaseConversationViewController.m in Sources */,
				17D7D5E21B205A2900FA96A3 /* ATLMediaAttachment.m in Sources */,
				1774219B1B1E5A61006968E6 /* LogInFormView.swift in Sources */,
				17D7D5F31B205A2900FA96A3 /* ATLConversationView.m in Sources */,
				17E670061B1288A60086D68F /* LayerClient.swift in Sources */,
				17B5B61F1B24E3A300571AB0 /* CalendarEventTableViewCell.swift in Sources */,
				17D7D5F01B205A2900FA96A3 /* ATLConversationCollectionViewHeader.m in Sources */,
				17D7D5E81B205A2900FA96A3 /* ATLMessagingUtilities.m in Sources */,
				173CC1411B117323007ACB1C /* TabBarController.swift in Sources */,
				17223D3C1B0FC11F00B37BCD /* SignUpViewController.swift in Sources */,
				17A9C9C31B15D4A000DD5E20 /* ChatsConversationViewController.swift in Sources */,
				17D7D5F61B205A2900FA96A3 /* ATLMessageCollectionViewCell.m in Sources */,
				17D14D811B151E7B003C93BA /* CalendarTableViewController.swift in Sources */,
				17D14D851B151FF2003C93BA /* DirectoryViewController.swift in Sources */,
				179062A41B264C590006084B /* FormViewController.swift in Sources */,
				17D7D5FB1B205A2900FA96A3 /* ATLParticipantTableViewCell.m in Sources */,
			);
			runOnlyForDeploymentPostprocessing = 0;
		};
		17850AE41B0D464600504176 /* Sources */ = {
			isa = PBXSourcesBuildPhase;
			buildActionMask = 2147483647;
			files = (
				17850AEF1B0D464600504176 /* DoorbellTests.swift in Sources */,
			);
			runOnlyForDeploymentPostprocessing = 0;
		};
/* End PBXSourcesBuildPhase section */

/* Begin PBXTargetDependency section */
		17850AEA1B0D464600504176 /* PBXTargetDependency */ = {
			isa = PBXTargetDependency;
			target = 17850AD21B0D464600504176 /* Doorbell */;
			targetProxy = 17850AE91B0D464600504176 /* PBXContainerItemProxy */;
		};
/* End PBXTargetDependency section */

/* Begin PBXVariantGroup section */
		17850AE11B0D464600504176 /* LaunchScreen.xib */ = {
			isa = PBXVariantGroup;
			children = (
				17850AE21B0D464600504176 /* Base */,
			);
			name = LaunchScreen.xib;
			path = .;
			sourceTree = "<group>";
		};
/* End PBXVariantGroup section */

/* Begin XCBuildConfiguration section */
		17850AF01B0D464600504176 /* Debug */ = {
			isa = XCBuildConfiguration;
			buildSettings = {
				ALWAYS_SEARCH_USER_PATHS = NO;
				CLANG_CXX_LANGUAGE_STANDARD = "gnu++0x";
				CLANG_CXX_LIBRARY = "libc++";
				CLANG_ENABLE_MODULES = YES;
				CLANG_ENABLE_OBJC_ARC = YES;
				CLANG_WARN_BOOL_CONVERSION = YES;
				CLANG_WARN_CONSTANT_CONVERSION = YES;
				CLANG_WARN_DIRECT_OBJC_ISA_USAGE = YES_ERROR;
				CLANG_WARN_EMPTY_BODY = YES;
				CLANG_WARN_ENUM_CONVERSION = YES;
				CLANG_WARN_INT_CONVERSION = YES;
				CLANG_WARN_OBJC_ROOT_CLASS = YES_ERROR;
				CLANG_WARN_UNREACHABLE_CODE = YES;
				CLANG_WARN__DUPLICATE_METHOD_MATCH = YES;
				"CODE_SIGN_IDENTITY[sdk=iphoneos*]" = "iPhone Developer";
				COPY_PHASE_STRIP = NO;
				DEBUG_INFORMATION_FORMAT = "dwarf-with-dsym";
				ENABLE_STRICT_OBJC_MSGSEND = YES;
				GCC_C_LANGUAGE_STANDARD = gnu99;
				GCC_DYNAMIC_NO_PIC = NO;
				GCC_NO_COMMON_BLOCKS = YES;
				GCC_OPTIMIZATION_LEVEL = 0;
				GCC_PREPROCESSOR_DEFINITIONS = (
					"DEBUG=1",
					"$(inherited)",
				);
				GCC_SYMBOLS_PRIVATE_EXTERN = NO;
				GCC_WARN_64_TO_32_BIT_CONVERSION = YES;
				GCC_WARN_ABOUT_RETURN_TYPE = YES_ERROR;
				GCC_WARN_UNDECLARED_SELECTOR = YES;
				GCC_WARN_UNINITIALIZED_AUTOS = YES_AGGRESSIVE;
				GCC_WARN_UNUSED_FUNCTION = YES;
				GCC_WARN_UNUSED_VARIABLE = YES;
				IPHONEOS_DEPLOYMENT_TARGET = 8.3;
				MTL_ENABLE_DEBUG_INFO = YES;
				ONLY_ACTIVE_ARCH = YES;
				SDKROOT = iphoneos;
				SWIFT_OPTIMIZATION_LEVEL = "-Onone";
				TARGETED_DEVICE_FAMILY = "1,2";
			};
			name = Debug;
		};
		17850AF11B0D464600504176 /* Release */ = {
			isa = XCBuildConfiguration;
			buildSettings = {
				ALWAYS_SEARCH_USER_PATHS = NO;
				CLANG_CXX_LANGUAGE_STANDARD = "gnu++0x";
				CLANG_CXX_LIBRARY = "libc++";
				CLANG_ENABLE_MODULES = YES;
				CLANG_ENABLE_OBJC_ARC = YES;
				CLANG_WARN_BOOL_CONVERSION = YES;
				CLANG_WARN_CONSTANT_CONVERSION = YES;
				CLANG_WARN_DIRECT_OBJC_ISA_USAGE = YES_ERROR;
				CLANG_WARN_EMPTY_BODY = YES;
				CLANG_WARN_ENUM_CONVERSION = YES;
				CLANG_WARN_INT_CONVERSION = YES;
				CLANG_WARN_OBJC_ROOT_CLASS = YES_ERROR;
				CLANG_WARN_UNREACHABLE_CODE = YES;
				CLANG_WARN__DUPLICATE_METHOD_MATCH = YES;
				"CODE_SIGN_IDENTITY[sdk=iphoneos*]" = "iPhone Developer";
				COPY_PHASE_STRIP = NO;
				DEBUG_INFORMATION_FORMAT = "dwarf-with-dsym";
				ENABLE_NS_ASSERTIONS = NO;
				ENABLE_STRICT_OBJC_MSGSEND = YES;
				GCC_C_LANGUAGE_STANDARD = gnu99;
				GCC_NO_COMMON_BLOCKS = YES;
				GCC_WARN_64_TO_32_BIT_CONVERSION = YES;
				GCC_WARN_ABOUT_RETURN_TYPE = YES_ERROR;
				GCC_WARN_UNDECLARED_SELECTOR = YES;
				GCC_WARN_UNINITIALIZED_AUTOS = YES_AGGRESSIVE;
				GCC_WARN_UNUSED_FUNCTION = YES;
				GCC_WARN_UNUSED_VARIABLE = YES;
				IPHONEOS_DEPLOYMENT_TARGET = 8.3;
				MTL_ENABLE_DEBUG_INFO = NO;
				SDKROOT = iphoneos;
				TARGETED_DEVICE_FAMILY = "1,2";
				VALIDATE_PRODUCT = YES;
			};
			name = Release;
		};
		17850AF31B0D464600504176 /* Debug */ = {
			isa = XCBuildConfiguration;
			baseConfigurationReference = 91F4F0FE5EBD03AAFCB1958D /* Pods-Doorbell.debug.xcconfig */;
			buildSettings = {
				ASSETCATALOG_COMPILER_APPICON_NAME = AppIcon;
				CLANG_ENABLE_MODULES = YES;
				CODE_SIGN_IDENTITY = "iPhone Developer";
				DEFINES_MODULE = YES;
				FRAMEWORK_SEARCH_PATHS = "$(inherited)";
				INFOPLIST_FILE = Resources/Info.plist;
				LD_RUNPATH_SEARCH_PATHS = "$(inherited) @executable_path/Frameworks";
				OTHER_LDFLAGS = (
					"$(inherited)",
					"-ObjC",
					"-framework",
					"\"Bolts\"",
					"-framework",
					"\"PKHUD\"",
					"-framework",
					"\"Parse\"",
					"-framework",
					"\"ParseUI\"",
					"-framework",
					"\"SwiftValidator\"",
					"-lz",
				);
				PRODUCT_NAME = "$(TARGET_NAME)";
				SWIFT_OBJC_BRIDGING_HEADER = "Code/Supporting Files/Doorbell-Bridging-Header.h";
				SWIFT_OPTIMIZATION_LEVEL = "-Onone";
				USER_HEADER_SEARCH_PATHS = "Frameworks/** Pods/**";
			};
			name = Debug;
		};
		17850AF41B0D464600504176 /* Release */ = {
			isa = XCBuildConfiguration;
			baseConfigurationReference = 54DF26C4B671A612C6817CC1 /* Pods-Doorbell.release.xcconfig */;
			buildSettings = {
				ASSETCATALOG_COMPILER_APPICON_NAME = AppIcon;
				CLANG_ENABLE_MODULES = YES;
				CODE_SIGN_IDENTITY = "iPhone Developer";
				DEFINES_MODULE = YES;
				FRAMEWORK_SEARCH_PATHS = "$(inherited)";
				INFOPLIST_FILE = Resources/Info.plist;
				LD_RUNPATH_SEARCH_PATHS = "$(inherited) @executable_path/Frameworks";
				OTHER_LDFLAGS = (
					"$(inherited)",
					"-ObjC",
					"-framework",
					"\"Bolts\"",
					"-framework",
					"\"PKHUD\"",
					"-framework",
					"\"Parse\"",
					"-framework",
					"\"ParseUI\"",
					"-framework",
					"\"SwiftValidator\"",
					"-lz",
				);
				PRODUCT_NAME = "$(TARGET_NAME)";
				SWIFT_OBJC_BRIDGING_HEADER = "Code/Supporting Files/Doorbell-Bridging-Header.h";
				USER_HEADER_SEARCH_PATHS = "Frameworks/** Pods/**";
			};
			name = Release;
		};
		17850AF61B0D464600504176 /* Debug */ = {
			isa = XCBuildConfiguration;
			buildSettings = {
				BUNDLE_LOADER = "$(TEST_HOST)";
				FRAMEWORK_SEARCH_PATHS = (
					"$(SDKROOT)/Developer/Library/Frameworks",
					"$(inherited)",
				);
				GCC_PREPROCESSOR_DEFINITIONS = (
					"DEBUG=1",
					"$(inherited)",
				);
				INFOPLIST_FILE = "Tests/Supporting Files/Info.plist";
				LD_RUNPATH_SEARCH_PATHS = "$(inherited) @executable_path/Frameworks @loader_path/Frameworks";
				PRODUCT_NAME = "$(TARGET_NAME)";
				TEST_HOST = "$(BUILT_PRODUCTS_DIR)/Doorbell.app/Doorbell";
			};
			name = Debug;
		};
		17850AF71B0D464600504176 /* Release */ = {
			isa = XCBuildConfiguration;
			buildSettings = {
				BUNDLE_LOADER = "$(TEST_HOST)";
				FRAMEWORK_SEARCH_PATHS = (
					"$(SDKROOT)/Developer/Library/Frameworks",
					"$(inherited)",
				);
				INFOPLIST_FILE = "Tests/Supporting Files/Info.plist";
				LD_RUNPATH_SEARCH_PATHS = "$(inherited) @executable_path/Frameworks @loader_path/Frameworks";
				PRODUCT_NAME = "$(TARGET_NAME)";
				TEST_HOST = "$(BUILT_PRODUCTS_DIR)/Doorbell.app/Doorbell";
			};
			name = Release;
		};
/* End XCBuildConfiguration section */

/* Begin XCConfigurationList section */
		17850ACE1B0D464600504176 /* Build configuration list for PBXProject "Doorbell" */ = {
			isa = XCConfigurationList;
			buildConfigurations = (
				17850AF01B0D464600504176 /* Debug */,
				17850AF11B0D464600504176 /* Release */,
			);
			defaultConfigurationIsVisible = 0;
			defaultConfigurationName = Release;
		};
		17850AF21B0D464600504176 /* Build configuration list for PBXNativeTarget "Doorbell" */ = {
			isa = XCConfigurationList;
			buildConfigurations = (
				17850AF31B0D464600504176 /* Debug */,
				17850AF41B0D464600504176 /* Release */,
			);
			defaultConfigurationIsVisible = 0;
			defaultConfigurationName = Release;
		};
		17850AF51B0D464600504176 /* Build configuration list for PBXNativeTarget "DoorbellTests" */ = {
			isa = XCConfigurationList;
			buildConfigurations = (
				17850AF61B0D464600504176 /* Debug */,
				17850AF71B0D464600504176 /* Release */,
			);
			defaultConfigurationIsVisible = 0;
			defaultConfigurationName = Release;
		};
/* End XCConfigurationList section */
	};
	rootObject = 17850ACB1B0D464600504176 /* Project object */;
}
