// !$*UTF8*$!
{
	archiveVersion = 1;
	classes = {
	};
	objectVersion = 46;
	objects = {

/* Begin PBXBuildFile section */
		0433C0B286BC816E93465DF3 /* Pods_Doorbell.framework in Frameworks */ = {isa = PBXBuildFile; fileRef = 6061A033492DFB42E4D15802 /* Pods_Doorbell.framework */; settings = {ATTRIBUTES = (Weak, ); }; };
		17223D381B0FB0C400B37BCD /* Authentication.storyboard in Resources */ = {isa = PBXBuildFile; fileRef = 17223D371B0FB0C400B37BCD /* Authentication.storyboard */; };
		17223D3A1B0FB21C00B37BCD /* LogInViewController.swift in Sources */ = {isa = PBXBuildFile; fileRef = 17223D391B0FB21C00B37BCD /* LogInViewController.swift */; };
		17223D3C1B0FC11F00B37BCD /* SignUpViewController.swift in Sources */ = {isa = PBXBuildFile; fileRef = 17223D3B1B0FC11F00B37BCD /* SignUpViewController.swift */; };
		173CC1411B117323007ACB1C /* TabBarController.swift in Sources */ = {isa = PBXBuildFile; fileRef = 173CC1401B117323007ACB1C /* TabBarController.swift */; };
		173CC1431B1177E7007ACB1C /* ChatsConversationListViewController.swift in Sources */ = {isa = PBXBuildFile; fileRef = 173CC1421B1177E7007ACB1C /* ChatsConversationListViewController.swift */; };
		173CC1451B11A771007ACB1C /* SettingsViewController.swift in Sources */ = {isa = PBXBuildFile; fileRef = 173CC1441B11A771007ACB1C /* SettingsViewController.swift */; };
		173CC1491B11CF7F007ACB1C /* SettingsEditProfileViewController.swift in Sources */ = {isa = PBXBuildFile; fileRef = 173CC1481B11CF7F007ACB1C /* SettingsEditProfileViewController.swift */; };
		177589671B18FED90094CED2 /* UserManager.swift in Sources */ = {isa = PBXBuildFile; fileRef = 177589661B18FED90094CED2 /* UserManager.swift */; };
		177589691B1910640094CED2 /* ChatsParticipantTableViewController.swift in Sources */ = {isa = PBXBuildFile; fileRef = 177589681B1910640094CED2 /* ChatsParticipantTableViewController.swift */; };
		1784039F1B11473E00EBA244 /* LayerKit.framework in Frameworks */ = {isa = PBXBuildFile; fileRef = 1784039C1B11473E00EBA244 /* LayerKit.framework */; };
		178403A01B11473E00EBA244 /* layer-client-messaging-schema.bundle in Resources */ = {isa = PBXBuildFile; fileRef = 1784039E1B11473E00EBA244 /* layer-client-messaging-schema.bundle */; };
		17850AD91B0D464600504176 /* AppDelegate.swift in Sources */ = {isa = PBXBuildFile; fileRef = 17850AD81B0D464600504176 /* AppDelegate.swift */; };
		17850AE01B0D464600504176 /* Images.xcassets in Resources */ = {isa = PBXBuildFile; fileRef = 17850ADF1B0D464600504176 /* Images.xcassets */; };
		17850AE31B0D464600504176 /* LaunchScreen.xib in Resources */ = {isa = PBXBuildFile; fileRef = 17850AE11B0D464600504176 /* LaunchScreen.xib */; };
		17850AEF1B0D464600504176 /* DoorbellTests.swift in Sources */ = {isa = PBXBuildFile; fileRef = 17850AEE1B0D464600504176 /* DoorbellTests.swift */; };
		179262451B163889006315AA /* PFUser+ATLParticipant.swift in Sources */ = {isa = PBXBuildFile; fileRef = 179262441B163889006315AA /* PFUser+ATLParticipant.swift */; };
		179262991B164A25006315AA /* Atlas.m in Sources */ = {isa = PBXBuildFile; fileRef = 179262481B164A25006315AA /* Atlas.m */; };
		1792629A1B164A25006315AA /* ATLAddressBarViewController.m in Sources */ = {isa = PBXBuildFile; fileRef = 1792624B1B164A25006315AA /* ATLAddressBarViewController.m */; };
		1792629B1B164A25006315AA /* ATLBaseConversationViewController.m in Sources */ = {isa = PBXBuildFile; fileRef = 1792624D1B164A25006315AA /* ATLBaseConversationViewController.m */; };
		1792629C1B164A25006315AA /* ATLConversationListViewController.m in Sources */ = {isa = PBXBuildFile; fileRef = 1792624F1B164A25006315AA /* ATLConversationListViewController.m */; };
		1792629D1B164A25006315AA /* ATLConversationViewController.m in Sources */ = {isa = PBXBuildFile; fileRef = 179262511B164A25006315AA /* ATLConversationViewController.m */; };
		1792629E1B164A25006315AA /* ATLParticipantTableViewController.m in Sources */ = {isa = PBXBuildFile; fileRef = 179262531B164A25006315AA /* ATLParticipantTableViewController.m */; };
		1792629F1B164A25006315AA /* ATLTypingIndicatorViewController.m in Sources */ = {isa = PBXBuildFile; fileRef = 179262551B164A25006315AA /* ATLTypingIndicatorViewController.m */; };
		179262A01B164A25006315AA /* ATLConversationDataSource.m in Sources */ = {isa = PBXBuildFile; fileRef = 179262581B164A25006315AA /* ATLConversationDataSource.m */; };
		179262A11B164A25006315AA /* ATLDataSourceChange.m in Sources */ = {isa = PBXBuildFile; fileRef = 1792625A1B164A25006315AA /* ATLDataSourceChange.m */; };
		179262A21B164A25006315AA /* ATLMediaAttachment.m in Sources */ = {isa = PBXBuildFile; fileRef = 1792625C1B164A25006315AA /* ATLMediaAttachment.m */; };
		179262A31B164A25006315AA /* ATLParticipantTableDataSet.m in Sources */ = {isa = PBXBuildFile; fileRef = 1792625E1B164A25006315AA /* ATLParticipantTableDataSet.m */; };
		179262A41B164A25006315AA /* ATLConstants.m in Sources */ = {isa = PBXBuildFile; fileRef = 179262671B164A25006315AA /* ATLConstants.m */; };
		179262A51B164A25006315AA /* ATLErrors.m in Sources */ = {isa = PBXBuildFile; fileRef = 179262691B164A25006315AA /* ATLErrors.m */; };
		179262A61B164A25006315AA /* ATLLocationManager.m in Sources */ = {isa = PBXBuildFile; fileRef = 1792626B1B164A25006315AA /* ATLLocationManager.m */; };
		179262A71B164A25006315AA /* ATLMediaInputStream.m in Sources */ = {isa = PBXBuildFile; fileRef = 1792626D1B164A25006315AA /* ATLMediaInputStream.m */; };
		179262A81B164A25006315AA /* ATLMessagingUtilities.m in Sources */ = {isa = PBXBuildFile; fileRef = 1792626F1B164A25006315AA /* ATLMessagingUtilities.m */; };
		179262A91B164A25006315AA /* ATLUIImageHelper.m in Sources */ = {isa = PBXBuildFile; fileRef = 179262711B164A25006315AA /* ATLUIImageHelper.m */; };
		179262AA1B164A25006315AA /* ATLAddressBarContainerView.m in Sources */ = {isa = PBXBuildFile; fileRef = 179262741B164A25006315AA /* ATLAddressBarContainerView.m */; };
		179262AB1B164A25006315AA /* ATLAddressBarTextView.m in Sources */ = {isa = PBXBuildFile; fileRef = 179262761B164A25006315AA /* ATLAddressBarTextView.m */; };
		179262AC1B164A25006315AA /* ATLAddressBarView.m in Sources */ = {isa = PBXBuildFile; fileRef = 179262781B164A25006315AA /* ATLAddressBarView.m */; };
		179262AD1B164A25006315AA /* ATLAvatarImageView.m in Sources */ = {isa = PBXBuildFile; fileRef = 1792627A1B164A25006315AA /* ATLAvatarImageView.m */; };
		179262AE1B164A25006315AA /* ATLConversationCollectionView.m in Sources */ = {isa = PBXBuildFile; fileRef = 1792627C1B164A25006315AA /* ATLConversationCollectionView.m */; };
		179262AF1B164A25006315AA /* ATLConversationCollectionViewFooter.m in Sources */ = {isa = PBXBuildFile; fileRef = 1792627E1B164A25006315AA /* ATLConversationCollectionViewFooter.m */; };
		179262B01B164A25006315AA /* ATLConversationCollectionViewHeader.m in Sources */ = {isa = PBXBuildFile; fileRef = 179262801B164A25006315AA /* ATLConversationCollectionViewHeader.m */; };
		179262B11B164A25006315AA /* ATLConversationCollectionViewMoreMessagesHeader.m in Sources */ = {isa = PBXBuildFile; fileRef = 179262821B164A25006315AA /* ATLConversationCollectionViewMoreMessagesHeader.m */; };
		179262B21B164A25006315AA /* ATLConversationTableViewCell.m in Sources */ = {isa = PBXBuildFile; fileRef = 179262841B164A25006315AA /* ATLConversationTableViewCell.m */; };
		179262B31B164A25006315AA /* ATLConversationView.m in Sources */ = {isa = PBXBuildFile; fileRef = 179262861B164A25006315AA /* ATLConversationView.m */; };
		179262B41B164A25006315AA /* ATLIncomingMessageCollectionViewCell.m in Sources */ = {isa = PBXBuildFile; fileRef = 179262881B164A25006315AA /* ATLIncomingMessageCollectionViewCell.m */; };
		179262B51B164A25006315AA /* ATLMessageBubbleView.m in Sources */ = {isa = PBXBuildFile; fileRef = 1792628A1B164A25006315AA /* ATLMessageBubbleView.m */; };
		179262B61B164A25006315AA /* ATLMessageCollectionViewCell.m in Sources */ = {isa = PBXBuildFile; fileRef = 1792628C1B164A25006315AA /* ATLMessageCollectionViewCell.m */; };
		179262B71B164A25006315AA /* ATLMessageComposeTextView.m in Sources */ = {isa = PBXBuildFile; fileRef = 1792628E1B164A25006315AA /* ATLMessageComposeTextView.m */; };
		179262B81B164A25006315AA /* ATLMessageInputToolbar.m in Sources */ = {isa = PBXBuildFile; fileRef = 179262901B164A25006315AA /* ATLMessageInputToolbar.m */; };
		179262B91B164A25006315AA /* ATLOutgoingMessageCollectionViewCell.m in Sources */ = {isa = PBXBuildFile; fileRef = 179262921B164A25006315AA /* ATLOutgoingMessageCollectionViewCell.m */; };
		179262BA1B164A25006315AA /* ATLParticipantSectionHeaderView.m in Sources */ = {isa = PBXBuildFile; fileRef = 179262941B164A25006315AA /* ATLParticipantSectionHeaderView.m */; };
		179262BB1B164A25006315AA /* ATLParticipantTableViewCell.m in Sources */ = {isa = PBXBuildFile; fileRef = 179262961B164A25006315AA /* ATLParticipantTableViewCell.m */; };
		179262BC1B164A25006315AA /* ATLProgressView.m in Sources */ = {isa = PBXBuildFile; fileRef = 179262981B164A25006315AA /* ATLProgressView.m */; };
		17A9C9C31B15D4A000DD5E20 /* ChatsConversationViewController.swift in Sources */ = {isa = PBXBuildFile; fileRef = 17A9C9C21B15D4A000DD5E20 /* ChatsConversationViewController.swift */; };
		17D14D761B14F751003C93BA /* InitialViewController.swift in Sources */ = {isa = PBXBuildFile; fileRef = 17D14D751B14F751003C93BA /* InitialViewController.swift */; };
		17D14D7D1B151C89003C93BA /* ChatsNavigationViewController.swift in Sources */ = {isa = PBXBuildFile; fileRef = 17D14D7C1B151C89003C93BA /* ChatsNavigationViewController.swift */; };
		17D14D811B151E7B003C93BA /* CalendarViewController.swift in Sources */ = {isa = PBXBuildFile; fileRef = 17D14D801B151E7B003C93BA /* CalendarViewController.swift */; };
		17D14D851B151FF2003C93BA /* DirectoryViewController.swift in Sources */ = {isa = PBXBuildFile; fileRef = 17D14D841B151FF2003C93BA /* DirectoryViewController.swift */; };
		17D14D871B15201B003C93BA /* AdsViewController.swift in Sources */ = {isa = PBXBuildFile; fileRef = 17D14D861B15201B003C93BA /* AdsViewController.swift */; };
		17D14D8D1B153B73003C93BA /* Main.storyboard in Resources */ = {isa = PBXBuildFile; fileRef = 17D14D8C1B153B73003C93BA /* Main.storyboard */; };
		17D14D911B15402E003C93BA /* SettingsAboutViewController.swift in Sources */ = {isa = PBXBuildFile; fileRef = 17D14D901B15402E003C93BA /* SettingsAboutViewController.swift */; };
		17D14D931B1540B2003C93BA /* Settings.storyboard in Resources */ = {isa = PBXBuildFile; fileRef = 17D14D921B1540B2003C93BA /* Settings.storyboard */; };
		17D14D991B154C99003C93BA /* Calendar.storyboard in Resources */ = {isa = PBXBuildFile; fileRef = 17D14D981B154C99003C93BA /* Calendar.storyboard */; };
		17D14D9B1B154CCC003C93BA /* Directory.storyboard in Resources */ = {isa = PBXBuildFile; fileRef = 17D14D9A1B154CCC003C93BA /* Directory.storyboard */; };
		17D14D9D1B154CE3003C93BA /* Ads.storyboard in Resources */ = {isa = PBXBuildFile; fileRef = 17D14D9C1B154CE3003C93BA /* Ads.storyboard */; };
		17E670061B1288A60086D68F /* LayerClient.swift in Sources */ = {isa = PBXBuildFile; fileRef = 17E670051B1288A60086D68F /* LayerClient.swift */; };
		17F01E691B113A5A00244ED8 /* SystemConfiguration.framework in Frameworks */ = {isa = PBXBuildFile; fileRef = 17F01E681B113A5A00244ED8 /* SystemConfiguration.framework */; };
		17F01E6B1B113A6300244ED8 /* CFNetwork.framework in Frameworks */ = {isa = PBXBuildFile; fileRef = 17F01E6A1B113A6300244ED8 /* CFNetwork.framework */; };
		17F01E6D1B113A6900244ED8 /* MobileCoreServices.framework in Frameworks */ = {isa = PBXBuildFile; fileRef = 17F01E6C1B113A6900244ED8 /* MobileCoreServices.framework */; };
		17F01E6F1B113A6F00244ED8 /* Security.framework in Frameworks */ = {isa = PBXBuildFile; fileRef = 17F01E6E1B113A6F00244ED8 /* Security.framework */; };
		17F01F091B113C2800244ED8 /* block.png in Resources */ = {isa = PBXBuildFile; fileRef = 17F01EF61B113C2800244ED8 /* block.png */; };
		17F01F0A1B113C2800244ED8 /* block@2x.png in Resources */ = {isa = PBXBuildFile; fileRef = 17F01EF71B113C2800244ED8 /* block@2x.png */; };
		17F01F0B1B113C2800244ED8 /* block@3x.png in Resources */ = {isa = PBXBuildFile; fileRef = 17F01EF81B113C2800244ED8 /* block@3x.png */; };
		17F01F0C1B113C2800244ED8 /* camera_dark.png in Resources */ = {isa = PBXBuildFile; fileRef = 17F01EF91B113C2800244ED8 /* camera_dark.png */; };
		17F01F0D1B113C2800244ED8 /* camera_dark@2x.png in Resources */ = {isa = PBXBuildFile; fileRef = 17F01EFA1B113C2800244ED8 /* camera_dark@2x.png */; };
		17F01F0E1B113C2800244ED8 /* camera_dark@3x.png in Resources */ = {isa = PBXBuildFile; fileRef = 17F01EFB1B113C2800244ED8 /* camera_dark@3x.png */; };
		17F01F0F1B113C2800244ED8 /* chevron.png in Resources */ = {isa = PBXBuildFile; fileRef = 17F01EFC1B113C2800244ED8 /* chevron.png */; };
		17F01F101B113C2800244ED8 /* chevron@2x.png in Resources */ = {isa = PBXBuildFile; fileRef = 17F01EFD1B113C2800244ED8 /* chevron@2x.png */; };
		17F01F111B113C2800244ED8 /* chevron@3x.png in Resources */ = {isa = PBXBuildFile; fileRef = 17F01EFE1B113C2800244ED8 /* chevron@3x.png */; };
		17F01F121B113C2800244ED8 /* layerbell.caf in Resources */ = {isa = PBXBuildFile; fileRef = 17F01EFF1B113C2800244ED8 /* layerbell.caf */; };
		17F01F131B113C2800244ED8 /* layerLogo.png in Resources */ = {isa = PBXBuildFile; fileRef = 17F01F001B113C2800244ED8 /* layerLogo.png */; };
		17F01F141B113C2800244ED8 /* layerLogo@2x.png in Resources */ = {isa = PBXBuildFile; fileRef = 17F01F011B113C2800244ED8 /* layerLogo@2x.png */; };
		17F01F151B113C2800244ED8 /* layerLogo@3x.png in Resources */ = {isa = PBXBuildFile; fileRef = 17F01F021B113C2800244ED8 /* layerLogo@3x.png */; };
		17F01F161B113C2800244ED8 /* location_dark.png in Resources */ = {isa = PBXBuildFile; fileRef = 17F01F031B113C2800244ED8 /* location_dark.png */; };
		17F01F171B113C2800244ED8 /* location_dark@2x.png in Resources */ = {isa = PBXBuildFile; fileRef = 17F01F041B113C2800244ED8 /* location_dark@2x.png */; };
		17F01F181B113C2800244ED8 /* location_dark@3x.png in Resources */ = {isa = PBXBuildFile; fileRef = 17F01F051B113C2800244ED8 /* location_dark@3x.png */; };
		17F01F191B113C2800244ED8 /* plus.png in Resources */ = {isa = PBXBuildFile; fileRef = 17F01F061B113C2800244ED8 /* plus.png */; };
		17F01F1A1B113C2800244ED8 /* plus@2x.png in Resources */ = {isa = PBXBuildFile; fileRef = 17F01F071B113C2800244ED8 /* plus@2x.png */; };
		17F01F1B1B113C2800244ED8 /* plus@3x.png in Resources */ = {isa = PBXBuildFile; fileRef = 17F01F081B113C2800244ED8 /* plus@3x.png */; };
		17F01F1D1B113C4B00244ED8 /* CoreLocation.framework in Frameworks */ = {isa = PBXBuildFile; fileRef = 17F01F1C1B113C4B00244ED8 /* CoreLocation.framework */; };
		17F01F1F1B113C5000244ED8 /* AssetsLibrary.framework in Frameworks */ = {isa = PBXBuildFile; fileRef = 17F01F1E1B113C5000244ED8 /* AssetsLibrary.framework */; };
		17F01F211B113C5500244ED8 /* ImageIO.framework in Frameworks */ = {isa = PBXBuildFile; fileRef = 17F01F201B113C5500244ED8 /* ImageIO.framework */; };
/* End PBXBuildFile section */

/* Begin PBXContainerItemProxy section */
		17850AE91B0D464600504176 /* PBXContainerItemProxy */ = {
			isa = PBXContainerItemProxy;
			containerPortal = 17850ACB1B0D464600504176 /* Project object */;
			proxyType = 1;
			remoteGlobalIDString = 17850AD21B0D464600504176;
			remoteInfo = Doorbell;
		};
/* End PBXContainerItemProxy section */

/* Begin PBXFileReference section */
		17223D371B0FB0C400B37BCD /* Authentication.storyboard */ = {isa = PBXFileReference; fileEncoding = 4; lastKnownFileType = file.storyboard; path = Authentication.storyboard; sourceTree = "<group>"; };
		17223D391B0FB21C00B37BCD /* LogInViewController.swift */ = {isa = PBXFileReference; fileEncoding = 4; lastKnownFileType = sourcecode.swift; path = LogInViewController.swift; sourceTree = "<group>"; };
		17223D3B1B0FC11F00B37BCD /* SignUpViewController.swift */ = {isa = PBXFileReference; fileEncoding = 4; lastKnownFileType = sourcecode.swift; path = SignUpViewController.swift; sourceTree = "<group>"; };
		173CC1401B117323007ACB1C /* TabBarController.swift */ = {isa = PBXFileReference; fileEncoding = 4; lastKnownFileType = sourcecode.swift; path = TabBarController.swift; sourceTree = "<group>"; };
		173CC1421B1177E7007ACB1C /* ChatsConversationListViewController.swift */ = {isa = PBXFileReference; fileEncoding = 4; lastKnownFileType = sourcecode.swift; path = ChatsConversationListViewController.swift; sourceTree = "<group>"; };
		173CC1441B11A771007ACB1C /* SettingsViewController.swift */ = {isa = PBXFileReference; fileEncoding = 4; lastKnownFileType = sourcecode.swift; path = SettingsViewController.swift; sourceTree = "<group>"; };
		173CC1481B11CF7F007ACB1C /* SettingsEditProfileViewController.swift */ = {isa = PBXFileReference; fileEncoding = 4; lastKnownFileType = sourcecode.swift; path = SettingsEditProfileViewController.swift; sourceTree = "<group>"; };
		175FA14D1B1C1CAC000DBCF9 /* OMGHTTPURLRQ.framework */ = {isa = PBXFileReference; lastKnownFileType = wrapper.framework; name = OMGHTTPURLRQ.framework; path = Carthage/Build/iOS/OMGHTTPURLRQ.framework; sourceTree = "<group>"; };
		175FA14E1B1C1CAC000DBCF9 /* ParsePromiseKit.framework */ = {isa = PBXFileReference; lastKnownFileType = wrapper.framework; name = ParsePromiseKit.framework; path = Carthage/Build/iOS/ParsePromiseKit.framework; sourceTree = "<group>"; };
		175FA14F1B1C1CAC000DBCF9 /* PromiseKit.framework */ = {isa = PBXFileReference; lastKnownFileType = wrapper.framework; name = PromiseKit.framework; path = Carthage/Build/iOS/PromiseKit.framework; sourceTree = "<group>"; };
		177589661B18FED90094CED2 /* UserManager.swift */ = {isa = PBXFileReference; fileEncoding = 4; lastKnownFileType = sourcecode.swift; path = UserManager.swift; sourceTree = "<group>"; };
		177589681B1910640094CED2 /* ChatsParticipantTableViewController.swift */ = {isa = PBXFileReference; fileEncoding = 4; lastKnownFileType = sourcecode.swift; path = ChatsParticipantTableViewController.swift; sourceTree = "<group>"; };
		1784039C1B11473E00EBA244 /* LayerKit.framework */ = {isa = PBXFileReference; lastKnownFileType = wrapper.framework; path = LayerKit.framework; sourceTree = "<group>"; };
		1784039E1B11473E00EBA244 /* layer-client-messaging-schema.bundle */ = {isa = PBXFileReference; lastKnownFileType = "wrapper.plug-in"; path = "layer-client-messaging-schema.bundle"; sourceTree = "<group>"; };
		17850AD31B0D464600504176 /* Doorbell.app */ = {isa = PBXFileReference; explicitFileType = wrapper.application; includeInIndex = 0; path = Doorbell.app; sourceTree = BUILT_PRODUCTS_DIR; };
		17850AD71B0D464600504176 /* Info.plist */ = {isa = PBXFileReference; lastKnownFileType = text.plist.xml; path = Info.plist; sourceTree = "<group>"; };
		17850AD81B0D464600504176 /* AppDelegate.swift */ = {isa = PBXFileReference; lastKnownFileType = sourcecode.swift; path = AppDelegate.swift; sourceTree = "<group>"; };
		17850ADF1B0D464600504176 /* Images.xcassets */ = {isa = PBXFileReference; lastKnownFileType = folder.assetcatalog; path = Images.xcassets; sourceTree = "<group>"; };
		17850AE21B0D464600504176 /* Base */ = {isa = PBXFileReference; lastKnownFileType = file.xib; name = Base; path = Base.lproj/LaunchScreen.xib; sourceTree = "<group>"; };
		17850AE81B0D464600504176 /* DoorbellTests.xctest */ = {isa = PBXFileReference; explicitFileType = wrapper.cfbundle; includeInIndex = 0; path = DoorbellTests.xctest; sourceTree = BUILT_PRODUCTS_DIR; };
		17850AED1B0D464600504176 /* Info.plist */ = {isa = PBXFileReference; lastKnownFileType = text.plist.xml; path = Info.plist; sourceTree = "<group>"; };
		17850AEE1B0D464600504176 /* DoorbellTests.swift */ = {isa = PBXFileReference; lastKnownFileType = sourcecode.swift; path = DoorbellTests.swift; sourceTree = "<group>"; };
		179262441B163889006315AA /* PFUser+ATLParticipant.swift */ = {isa = PBXFileReference; fileEncoding = 4; lastKnownFileType = sourcecode.swift; path = "PFUser+ATLParticipant.swift"; sourceTree = "<group>"; };
		179262471B164A25006315AA /* Atlas.h */ = {isa = PBXFileReference; fileEncoding = 4; lastKnownFileType = sourcecode.c.h; path = Atlas.h; sourceTree = "<group>"; };
		179262481B164A25006315AA /* Atlas.m */ = {isa = PBXFileReference; fileEncoding = 4; lastKnownFileType = sourcecode.c.objc; path = Atlas.m; sourceTree = "<group>"; };
		1792624A1B164A25006315AA /* ATLAddressBarViewController.h */ = {isa = PBXFileReference; fileEncoding = 4; lastKnownFileType = sourcecode.c.h; path = ATLAddressBarViewController.h; sourceTree = "<group>"; };
		1792624B1B164A25006315AA /* ATLAddressBarViewController.m */ = {isa = PBXFileReference; fileEncoding = 4; lastKnownFileType = sourcecode.c.objc; path = ATLAddressBarViewController.m; sourceTree = "<group>"; };
		1792624C1B164A25006315AA /* ATLBaseConversationViewController.h */ = {isa = PBXFileReference; fileEncoding = 4; lastKnownFileType = sourcecode.c.h; path = ATLBaseConversationViewController.h; sourceTree = "<group>"; };
		1792624D1B164A25006315AA /* ATLBaseConversationViewController.m */ = {isa = PBXFileReference; fileEncoding = 4; lastKnownFileType = sourcecode.c.objc; path = ATLBaseConversationViewController.m; sourceTree = "<group>"; };
		1792624E1B164A25006315AA /* ATLConversationListViewController.h */ = {isa = PBXFileReference; fileEncoding = 4; lastKnownFileType = sourcecode.c.h; path = ATLConversationListViewController.h; sourceTree = "<group>"; };
		1792624F1B164A25006315AA /* ATLConversationListViewController.m */ = {isa = PBXFileReference; fileEncoding = 4; lastKnownFileType = sourcecode.c.objc; path = ATLConversationListViewController.m; sourceTree = "<group>"; };
		179262501B164A25006315AA /* ATLConversationViewController.h */ = {isa = PBXFileReference; fileEncoding = 4; lastKnownFileType = sourcecode.c.h; path = ATLConversationViewController.h; sourceTree = "<group>"; };
		179262511B164A25006315AA /* ATLConversationViewController.m */ = {isa = PBXFileReference; fileEncoding = 4; lastKnownFileType = sourcecode.c.objc; path = ATLConversationViewController.m; sourceTree = "<group>"; };
		179262521B164A25006315AA /* ATLParticipantTableViewController.h */ = {isa = PBXFileReference; fileEncoding = 4; lastKnownFileType = sourcecode.c.h; path = ATLParticipantTableViewController.h; sourceTree = "<group>"; };
		179262531B164A25006315AA /* ATLParticipantTableViewController.m */ = {isa = PBXFileReference; fileEncoding = 4; lastKnownFileType = sourcecode.c.objc; path = ATLParticipantTableViewController.m; sourceTree = "<group>"; };
		179262541B164A25006315AA /* ATLTypingIndicatorViewController.h */ = {isa = PBXFileReference; fileEncoding = 4; lastKnownFileType = sourcecode.c.h; path = ATLTypingIndicatorViewController.h; sourceTree = "<group>"; };
		179262551B164A25006315AA /* ATLTypingIndicatorViewController.m */ = {isa = PBXFileReference; fileEncoding = 4; lastKnownFileType = sourcecode.c.objc; path = ATLTypingIndicatorViewController.m; sourceTree = "<group>"; };
		179262571B164A25006315AA /* ATLConversationDataSource.h */ = {isa = PBXFileReference; fileEncoding = 4; lastKnownFileType = sourcecode.c.h; path = ATLConversationDataSource.h; sourceTree = "<group>"; };
		179262581B164A25006315AA /* ATLConversationDataSource.m */ = {isa = PBXFileReference; fileEncoding = 4; lastKnownFileType = sourcecode.c.objc; path = ATLConversationDataSource.m; sourceTree = "<group>"; };
		179262591B164A25006315AA /* ATLDataSourceChange.h */ = {isa = PBXFileReference; fileEncoding = 4; lastKnownFileType = sourcecode.c.h; path = ATLDataSourceChange.h; sourceTree = "<group>"; };
		1792625A1B164A25006315AA /* ATLDataSourceChange.m */ = {isa = PBXFileReference; fileEncoding = 4; lastKnownFileType = sourcecode.c.objc; path = ATLDataSourceChange.m; sourceTree = "<group>"; };
		1792625B1B164A25006315AA /* ATLMediaAttachment.h */ = {isa = PBXFileReference; fileEncoding = 4; lastKnownFileType = sourcecode.c.h; path = ATLMediaAttachment.h; sourceTree = "<group>"; };
		1792625C1B164A25006315AA /* ATLMediaAttachment.m */ = {isa = PBXFileReference; fileEncoding = 4; lastKnownFileType = sourcecode.c.objc; path = ATLMediaAttachment.m; sourceTree = "<group>"; };
		1792625D1B164A25006315AA /* ATLParticipantTableDataSet.h */ = {isa = PBXFileReference; fileEncoding = 4; lastKnownFileType = sourcecode.c.h; path = ATLParticipantTableDataSet.h; sourceTree = "<group>"; };
		1792625E1B164A25006315AA /* ATLParticipantTableDataSet.m */ = {isa = PBXFileReference; fileEncoding = 4; lastKnownFileType = sourcecode.c.objc; path = ATLParticipantTableDataSet.m; sourceTree = "<group>"; };
		179262601B164A25006315AA /* ATLAvatarItem.h */ = {isa = PBXFileReference; fileEncoding = 4; lastKnownFileType = sourcecode.c.h; path = ATLAvatarItem.h; sourceTree = "<group>"; };
		179262611B164A25006315AA /* ATLConversationPresenting.h */ = {isa = PBXFileReference; fileEncoding = 4; lastKnownFileType = sourcecode.c.h; path = ATLConversationPresenting.h; sourceTree = "<group>"; };
		179262621B164A25006315AA /* ATLMessagePresenting.h */ = {isa = PBXFileReference; fileEncoding = 4; lastKnownFileType = sourcecode.c.h; path = ATLMessagePresenting.h; sourceTree = "<group>"; };
		179262631B164A25006315AA /* ATLParticipant.h */ = {isa = PBXFileReference; fileEncoding = 4; lastKnownFileType = sourcecode.c.h; path = ATLParticipant.h; sourceTree = "<group>"; };
		179262641B164A25006315AA /* ATLParticipantPresenting.h */ = {isa = PBXFileReference; fileEncoding = 4; lastKnownFileType = sourcecode.c.h; path = ATLParticipantPresenting.h; sourceTree = "<group>"; };
		179262661B164A25006315AA /* ATLConstants.h */ = {isa = PBXFileReference; fileEncoding = 4; lastKnownFileType = sourcecode.c.h; path = ATLConstants.h; sourceTree = "<group>"; };
		179262671B164A25006315AA /* ATLConstants.m */ = {isa = PBXFileReference; fileEncoding = 4; lastKnownFileType = sourcecode.c.objc; path = ATLConstants.m; sourceTree = "<group>"; };
		179262681B164A25006315AA /* ATLErrors.h */ = {isa = PBXFileReference; fileEncoding = 4; lastKnownFileType = sourcecode.c.h; path = ATLErrors.h; sourceTree = "<group>"; };
		179262691B164A25006315AA /* ATLErrors.m */ = {isa = PBXFileReference; fileEncoding = 4; lastKnownFileType = sourcecode.c.objc; path = ATLErrors.m; sourceTree = "<group>"; };
		1792626A1B164A25006315AA /* ATLLocationManager.h */ = {isa = PBXFileReference; fileEncoding = 4; lastKnownFileType = sourcecode.c.h; path = ATLLocationManager.h; sourceTree = "<group>"; };
		1792626B1B164A25006315AA /* ATLLocationManager.m */ = {isa = PBXFileReference; fileEncoding = 4; lastKnownFileType = sourcecode.c.objc; path = ATLLocationManager.m; sourceTree = "<group>"; };
		1792626C1B164A25006315AA /* ATLMediaInputStream.h */ = {isa = PBXFileReference; fileEncoding = 4; lastKnownFileType = sourcecode.c.h; path = ATLMediaInputStream.h; sourceTree = "<group>"; };
		1792626D1B164A25006315AA /* ATLMediaInputStream.m */ = {isa = PBXFileReference; fileEncoding = 4; lastKnownFileType = sourcecode.c.objc; path = ATLMediaInputStream.m; sourceTree = "<group>"; };
		1792626E1B164A25006315AA /* ATLMessagingUtilities.h */ = {isa = PBXFileReference; fileEncoding = 4; lastKnownFileType = sourcecode.c.h; path = ATLMessagingUtilities.h; sourceTree = "<group>"; };
		1792626F1B164A25006315AA /* ATLMessagingUtilities.m */ = {isa = PBXFileReference; fileEncoding = 4; lastKnownFileType = sourcecode.c.objc; path = ATLMessagingUtilities.m; sourceTree = "<group>"; };
		179262701B164A25006315AA /* ATLUIImageHelper.h */ = {isa = PBXFileReference; fileEncoding = 4; lastKnownFileType = sourcecode.c.h; path = ATLUIImageHelper.h; sourceTree = "<group>"; };
		179262711B164A25006315AA /* ATLUIImageHelper.m */ = {isa = PBXFileReference; fileEncoding = 4; lastKnownFileType = sourcecode.c.objc; path = ATLUIImageHelper.m; sourceTree = "<group>"; };
		179262731B164A25006315AA /* ATLAddressBarContainerView.h */ = {isa = PBXFileReference; fileEncoding = 4; lastKnownFileType = sourcecode.c.h; path = ATLAddressBarContainerView.h; sourceTree = "<group>"; };
		179262741B164A25006315AA /* ATLAddressBarContainerView.m */ = {isa = PBXFileReference; fileEncoding = 4; lastKnownFileType = sourcecode.c.objc; path = ATLAddressBarContainerView.m; sourceTree = "<group>"; };
		179262751B164A25006315AA /* ATLAddressBarTextView.h */ = {isa = PBXFileReference; fileEncoding = 4; lastKnownFileType = sourcecode.c.h; path = ATLAddressBarTextView.h; sourceTree = "<group>"; };
		179262761B164A25006315AA /* ATLAddressBarTextView.m */ = {isa = PBXFileReference; fileEncoding = 4; lastKnownFileType = sourcecode.c.objc; path = ATLAddressBarTextView.m; sourceTree = "<group>"; };
		179262771B164A25006315AA /* ATLAddressBarView.h */ = {isa = PBXFileReference; fileEncoding = 4; lastKnownFileType = sourcecode.c.h; path = ATLAddressBarView.h; sourceTree = "<group>"; };
		179262781B164A25006315AA /* ATLAddressBarView.m */ = {isa = PBXFileReference; fileEncoding = 4; lastKnownFileType = sourcecode.c.objc; path = ATLAddressBarView.m; sourceTree = "<group>"; };
		179262791B164A25006315AA /* ATLAvatarImageView.h */ = {isa = PBXFileReference; fileEncoding = 4; lastKnownFileType = sourcecode.c.h; path = ATLAvatarImageView.h; sourceTree = "<group>"; };
		1792627A1B164A25006315AA /* ATLAvatarImageView.m */ = {isa = PBXFileReference; fileEncoding = 4; lastKnownFileType = sourcecode.c.objc; path = ATLAvatarImageView.m; sourceTree = "<group>"; };
		1792627B1B164A25006315AA /* ATLConversationCollectionView.h */ = {isa = PBXFileReference; fileEncoding = 4; lastKnownFileType = sourcecode.c.h; path = ATLConversationCollectionView.h; sourceTree = "<group>"; };
		1792627C1B164A25006315AA /* ATLConversationCollectionView.m */ = {isa = PBXFileReference; fileEncoding = 4; lastKnownFileType = sourcecode.c.objc; path = ATLConversationCollectionView.m; sourceTree = "<group>"; };
		1792627D1B164A25006315AA /* ATLConversationCollectionViewFooter.h */ = {isa = PBXFileReference; fileEncoding = 4; lastKnownFileType = sourcecode.c.h; path = ATLConversationCollectionViewFooter.h; sourceTree = "<group>"; };
		1792627E1B164A25006315AA /* ATLConversationCollectionViewFooter.m */ = {isa = PBXFileReference; fileEncoding = 4; lastKnownFileType = sourcecode.c.objc; path = ATLConversationCollectionViewFooter.m; sourceTree = "<group>"; };
		1792627F1B164A25006315AA /* ATLConversationCollectionViewHeader.h */ = {isa = PBXFileReference; fileEncoding = 4; lastKnownFileType = sourcecode.c.h; path = ATLConversationCollectionViewHeader.h; sourceTree = "<group>"; };
		179262801B164A25006315AA /* ATLConversationCollectionViewHeader.m */ = {isa = PBXFileReference; fileEncoding = 4; lastKnownFileType = sourcecode.c.objc; path = ATLConversationCollectionViewHeader.m; sourceTree = "<group>"; };
		179262811B164A25006315AA /* ATLConversationCollectionViewMoreMessagesHeader.h */ = {isa = PBXFileReference; fileEncoding = 4; lastKnownFileType = sourcecode.c.h; path = ATLConversationCollectionViewMoreMessagesHeader.h; sourceTree = "<group>"; };
		179262821B164A25006315AA /* ATLConversationCollectionViewMoreMessagesHeader.m */ = {isa = PBXFileReference; fileEncoding = 4; lastKnownFileType = sourcecode.c.objc; path = ATLConversationCollectionViewMoreMessagesHeader.m; sourceTree = "<group>"; };
		179262831B164A25006315AA /* ATLConversationTableViewCell.h */ = {isa = PBXFileReference; fileEncoding = 4; lastKnownFileType = sourcecode.c.h; path = ATLConversationTableViewCell.h; sourceTree = "<group>"; };
		179262841B164A25006315AA /* ATLConversationTableViewCell.m */ = {isa = PBXFileReference; fileEncoding = 4; lastKnownFileType = sourcecode.c.objc; path = ATLConversationTableViewCell.m; sourceTree = "<group>"; };
		179262851B164A25006315AA /* ATLConversationView.h */ = {isa = PBXFileReference; fileEncoding = 4; lastKnownFileType = sourcecode.c.h; path = ATLConversationView.h; sourceTree = "<group>"; };
		179262861B164A25006315AA /* ATLConversationView.m */ = {isa = PBXFileReference; fileEncoding = 4; lastKnownFileType = sourcecode.c.objc; path = ATLConversationView.m; sourceTree = "<group>"; };
		179262871B164A25006315AA /* ATLIncomingMessageCollectionViewCell.h */ = {isa = PBXFileReference; fileEncoding = 4; lastKnownFileType = sourcecode.c.h; path = ATLIncomingMessageCollectionViewCell.h; sourceTree = "<group>"; };
		179262881B164A25006315AA /* ATLIncomingMessageCollectionViewCell.m */ = {isa = PBXFileReference; fileEncoding = 4; lastKnownFileType = sourcecode.c.objc; path = ATLIncomingMessageCollectionViewCell.m; sourceTree = "<group>"; };
		179262891B164A25006315AA /* ATLMessageBubbleView.h */ = {isa = PBXFileReference; fileEncoding = 4; lastKnownFileType = sourcecode.c.h; path = ATLMessageBubbleView.h; sourceTree = "<group>"; };
		1792628A1B164A25006315AA /* ATLMessageBubbleView.m */ = {isa = PBXFileReference; fileEncoding = 4; lastKnownFileType = sourcecode.c.objc; path = ATLMessageBubbleView.m; sourceTree = "<group>"; };
		1792628B1B164A25006315AA /* ATLMessageCollectionViewCell.h */ = {isa = PBXFileReference; fileEncoding = 4; lastKnownFileType = sourcecode.c.h; path = ATLMessageCollectionViewCell.h; sourceTree = "<group>"; };
		1792628C1B164A25006315AA /* ATLMessageCollectionViewCell.m */ = {isa = PBXFileReference; fileEncoding = 4; lastKnownFileType = sourcecode.c.objc; path = ATLMessageCollectionViewCell.m; sourceTree = "<group>"; };
		1792628D1B164A25006315AA /* ATLMessageComposeTextView.h */ = {isa = PBXFileReference; fileEncoding = 4; lastKnownFileType = sourcecode.c.h; path = ATLMessageComposeTextView.h; sourceTree = "<group>"; };
		1792628E1B164A25006315AA /* ATLMessageComposeTextView.m */ = {isa = PBXFileReference; fileEncoding = 4; lastKnownFileType = sourcecode.c.objc; path = ATLMessageComposeTextView.m; sourceTree = "<group>"; };
		1792628F1B164A25006315AA /* ATLMessageInputToolbar.h */ = {isa = PBXFileReference; fileEncoding = 4; lastKnownFileType = sourcecode.c.h; path = ATLMessageInputToolbar.h; sourceTree = "<group>"; };
		179262901B164A25006315AA /* ATLMessageInputToolbar.m */ = {isa = PBXFileReference; fileEncoding = 4; lastKnownFileType = sourcecode.c.objc; path = ATLMessageInputToolbar.m; sourceTree = "<group>"; };
		179262911B164A25006315AA /* ATLOutgoingMessageCollectionViewCell.h */ = {isa = PBXFileReference; fileEncoding = 4; lastKnownFileType = sourcecode.c.h; path = ATLOutgoingMessageCollectionViewCell.h; sourceTree = "<group>"; };
		179262921B164A25006315AA /* ATLOutgoingMessageCollectionViewCell.m */ = {isa = PBXFileReference; fileEncoding = 4; lastKnownFileType = sourcecode.c.objc; path = ATLOutgoingMessageCollectionViewCell.m; sourceTree = "<group>"; };
		179262931B164A25006315AA /* ATLParticipantSectionHeaderView.h */ = {isa = PBXFileReference; fileEncoding = 4; lastKnownFileType = sourcecode.c.h; path = ATLParticipantSectionHeaderView.h; sourceTree = "<group>"; };
		179262941B164A25006315AA /* ATLParticipantSectionHeaderView.m */ = {isa = PBXFileReference; fileEncoding = 4; lastKnownFileType = sourcecode.c.objc; path = ATLParticipantSectionHeaderView.m; sourceTree = "<group>"; };
		179262951B164A25006315AA /* ATLParticipantTableViewCell.h */ = {isa = PBXFileReference; fileEncoding = 4; lastKnownFileType = sourcecode.c.h; path = ATLParticipantTableViewCell.h; sourceTree = "<group>"; };
		179262961B164A25006315AA /* ATLParticipantTableViewCell.m */ = {isa = PBXFileReference; fileEncoding = 4; lastKnownFileType = sourcecode.c.objc; path = ATLParticipantTableViewCell.m; sourceTree = "<group>"; };
		179262971B164A25006315AA /* ATLProgressView.h */ = {isa = PBXFileReference; fileEncoding = 4; lastKnownFileType = sourcecode.c.h; path = ATLProgressView.h; sourceTree = "<group>"; };
		179262981B164A25006315AA /* ATLProgressView.m */ = {isa = PBXFileReference; fileEncoding = 4; lastKnownFileType = sourcecode.c.objc; path = ATLProgressView.m; sourceTree = "<group>"; };
		17A9C9C21B15D4A000DD5E20 /* ChatsConversationViewController.swift */ = {isa = PBXFileReference; fileEncoding = 4; lastKnownFileType = sourcecode.swift; path = ChatsConversationViewController.swift; sourceTree = "<group>"; };
		17D14D751B14F751003C93BA /* InitialViewController.swift */ = {isa = PBXFileReference; fileEncoding = 4; lastKnownFileType = sourcecode.swift; path = InitialViewController.swift; sourceTree = "<group>"; };
		17D14D7C1B151C89003C93BA /* ChatsNavigationViewController.swift */ = {isa = PBXFileReference; fileEncoding = 4; lastKnownFileType = sourcecode.swift; path = ChatsNavigationViewController.swift; sourceTree = "<group>"; };
		17D14D801B151E7B003C93BA /* CalendarViewController.swift */ = {isa = PBXFileReference; fileEncoding = 4; lastKnownFileType = sourcecode.swift; path = CalendarViewController.swift; sourceTree = "<group>"; };
		17D14D841B151FF2003C93BA /* DirectoryViewController.swift */ = {isa = PBXFileReference; fileEncoding = 4; lastKnownFileType = sourcecode.swift; path = DirectoryViewController.swift; sourceTree = "<group>"; };
		17D14D861B15201B003C93BA /* AdsViewController.swift */ = {isa = PBXFileReference; fileEncoding = 4; lastKnownFileType = sourcecode.swift; path = AdsViewController.swift; sourceTree = "<group>"; };
		17D14D8C1B153B73003C93BA /* Main.storyboard */ = {isa = PBXFileReference; fileEncoding = 4; lastKnownFileType = file.storyboard; path = Main.storyboard; sourceTree = "<group>"; };
		17D14D901B15402E003C93BA /* SettingsAboutViewController.swift */ = {isa = PBXFileReference; fileEncoding = 4; lastKnownFileType = sourcecode.swift; path = SettingsAboutViewController.swift; sourceTree = "<group>"; };
		17D14D921B1540B2003C93BA /* Settings.storyboard */ = {isa = PBXFileReference; fileEncoding = 4; lastKnownFileType = file.storyboard; path = Settings.storyboard; sourceTree = "<group>"; };
		17D14D981B154C99003C93BA /* Calendar.storyboard */ = {isa = PBXFileReference; fileEncoding = 4; lastKnownFileType = file.storyboard; path = Calendar.storyboard; sourceTree = "<group>"; };
		17D14D9A1B154CCC003C93BA /* Directory.storyboard */ = {isa = PBXFileReference; fileEncoding = 4; lastKnownFileType = file.storyboard; path = Directory.storyboard; sourceTree = "<group>"; };
		17D14D9C1B154CE3003C93BA /* Ads.storyboard */ = {isa = PBXFileReference; fileEncoding = 4; lastKnownFileType = file.storyboard; path = Ads.storyboard; sourceTree = "<group>"; };
		17E30D891B0D48CD003331BB /* Doorbell-Bridging-Header.h */ = {isa = PBXFileReference; lastKnownFileType = sourcecode.c.h; path = "Doorbell-Bridging-Header.h"; sourceTree = "<group>"; };
		17E670051B1288A60086D68F /* LayerClient.swift */ = {isa = PBXFileReference; fileEncoding = 4; lastKnownFileType = sourcecode.swift; path = LayerClient.swift; sourceTree = "<group>"; };
		17F01E681B113A5A00244ED8 /* SystemConfiguration.framework */ = {isa = PBXFileReference; lastKnownFileType = wrapper.framework; name = SystemConfiguration.framework; path = System/Library/Frameworks/SystemConfiguration.framework; sourceTree = SDKROOT; };
		17F01E6A1B113A6300244ED8 /* CFNetwork.framework */ = {isa = PBXFileReference; lastKnownFileType = wrapper.framework; name = CFNetwork.framework; path = System/Library/Frameworks/CFNetwork.framework; sourceTree = SDKROOT; };
		17F01E6C1B113A6900244ED8 /* MobileCoreServices.framework */ = {isa = PBXFileReference; lastKnownFileType = wrapper.framework; name = MobileCoreServices.framework; path = System/Library/Frameworks/MobileCoreServices.framework; sourceTree = SDKROOT; };
		17F01E6E1B113A6F00244ED8 /* Security.framework */ = {isa = PBXFileReference; lastKnownFileType = wrapper.framework; name = Security.framework; path = System/Library/Frameworks/Security.framework; sourceTree = SDKROOT; };
		17F01EF61B113C2800244ED8 /* block.png */ = {isa = PBXFileReference; lastKnownFileType = image.png; path = block.png; sourceTree = "<group>"; };
		17F01EF71B113C2800244ED8 /* block@2x.png */ = {isa = PBXFileReference; lastKnownFileType = image.png; path = "block@2x.png"; sourceTree = "<group>"; };
		17F01EF81B113C2800244ED8 /* block@3x.png */ = {isa = PBXFileReference; lastKnownFileType = image.png; path = "block@3x.png"; sourceTree = "<group>"; };
		17F01EF91B113C2800244ED8 /* camera_dark.png */ = {isa = PBXFileReference; lastKnownFileType = image.png; path = camera_dark.png; sourceTree = "<group>"; };
		17F01EFA1B113C2800244ED8 /* camera_dark@2x.png */ = {isa = PBXFileReference; lastKnownFileType = image.png; path = "camera_dark@2x.png"; sourceTree = "<group>"; };
		17F01EFB1B113C2800244ED8 /* camera_dark@3x.png */ = {isa = PBXFileReference; lastKnownFileType = image.png; path = "camera_dark@3x.png"; sourceTree = "<group>"; };
		17F01EFC1B113C2800244ED8 /* chevron.png */ = {isa = PBXFileReference; lastKnownFileType = image.png; path = chevron.png; sourceTree = "<group>"; };
		17F01EFD1B113C2800244ED8 /* chevron@2x.png */ = {isa = PBXFileReference; lastKnownFileType = image.png; path = "chevron@2x.png"; sourceTree = "<group>"; };
		17F01EFE1B113C2800244ED8 /* chevron@3x.png */ = {isa = PBXFileReference; lastKnownFileType = image.png; path = "chevron@3x.png"; sourceTree = "<group>"; };
		17F01EFF1B113C2800244ED8 /* layerbell.caf */ = {isa = PBXFileReference; lastKnownFileType = file; path = layerbell.caf; sourceTree = "<group>"; };
		17F01F001B113C2800244ED8 /* layerLogo.png */ = {isa = PBXFileReference; lastKnownFileType = image.png; path = layerLogo.png; sourceTree = "<group>"; };
		17F01F011B113C2800244ED8 /* layerLogo@2x.png */ = {isa = PBXFileReference; lastKnownFileType = image.png; path = "layerLogo@2x.png"; sourceTree = "<group>"; };
		17F01F021B113C2800244ED8 /* layerLogo@3x.png */ = {isa = PBXFileReference; lastKnownFileType = image.png; path = "layerLogo@3x.png"; sourceTree = "<group>"; };
		17F01F031B113C2800244ED8 /* location_dark.png */ = {isa = PBXFileReference; lastKnownFileType = image.png; path = location_dark.png; sourceTree = "<group>"; };
		17F01F041B113C2800244ED8 /* location_dark@2x.png */ = {isa = PBXFileReference; lastKnownFileType = image.png; path = "location_dark@2x.png"; sourceTree = "<group>"; };
		17F01F051B113C2800244ED8 /* location_dark@3x.png */ = {isa = PBXFileReference; lastKnownFileType = image.png; path = "location_dark@3x.png"; sourceTree = "<group>"; };
		17F01F061B113C2800244ED8 /* plus.png */ = {isa = PBXFileReference; lastKnownFileType = image.png; path = plus.png; sourceTree = "<group>"; };
		17F01F071B113C2800244ED8 /* plus@2x.png */ = {isa = PBXFileReference; lastKnownFileType = image.png; path = "plus@2x.png"; sourceTree = "<group>"; };
		17F01F081B113C2800244ED8 /* plus@3x.png */ = {isa = PBXFileReference; lastKnownFileType = image.png; path = "plus@3x.png"; sourceTree = "<group>"; };
		17F01F1C1B113C4B00244ED8 /* CoreLocation.framework */ = {isa = PBXFileReference; lastKnownFileType = wrapper.framework; name = CoreLocation.framework; path = System/Library/Frameworks/CoreLocation.framework; sourceTree = SDKROOT; };
		17F01F1E1B113C5000244ED8 /* AssetsLibrary.framework */ = {isa = PBXFileReference; lastKnownFileType = wrapper.framework; name = AssetsLibrary.framework; path = System/Library/Frameworks/AssetsLibrary.framework; sourceTree = SDKROOT; };
		17F01F201B113C5500244ED8 /* ImageIO.framework */ = {isa = PBXFileReference; lastKnownFileType = wrapper.framework; name = ImageIO.framework; path = System/Library/Frameworks/ImageIO.framework; sourceTree = SDKROOT; };
		54DF26C4B671A612C6817CC1 /* Pods-Doorbell.release.xcconfig */ = {isa = PBXFileReference; includeInIndex = 1; lastKnownFileType = text.xcconfig; name = "Pods-Doorbell.release.xcconfig"; path = "Pods/Target Support Files/Pods-Doorbell/Pods-Doorbell.release.xcconfig"; sourceTree = "<group>"; };
		6061A033492DFB42E4D15802 /* Pods_Doorbell.framework */ = {isa = PBXFileReference; explicitFileType = wrapper.framework; includeInIndex = 0; path = Pods_Doorbell.framework; sourceTree = BUILT_PRODUCTS_DIR; };
		91F4F0FE5EBD03AAFCB1958D /* Pods-Doorbell.debug.xcconfig */ = {isa = PBXFileReference; includeInIndex = 1; lastKnownFileType = text.xcconfig; name = "Pods-Doorbell.debug.xcconfig"; path = "Pods/Target Support Files/Pods-Doorbell/Pods-Doorbell.debug.xcconfig"; sourceTree = "<group>"; };
/* End PBXFileReference section */

/* Begin PBXFrameworksBuildPhase section */
		17850AD01B0D464600504176 /* Frameworks */ = {
			isa = PBXFrameworksBuildPhase;
			buildActionMask = 2147483647;
			files = (
				17F01F211B113C5500244ED8 /* ImageIO.framework in Frameworks */,
				17F01F1F1B113C5000244ED8 /* AssetsLibrary.framework in Frameworks */,
				17F01F1D1B113C4B00244ED8 /* CoreLocation.framework in Frameworks */,
				17F01E6F1B113A6F00244ED8 /* Security.framework in Frameworks */,
				17F01E6D1B113A6900244ED8 /* MobileCoreServices.framework in Frameworks */,
				17F01E6B1B113A6300244ED8 /* CFNetwork.framework in Frameworks */,
				1784039F1B11473E00EBA244 /* LayerKit.framework in Frameworks */,
				17F01E691B113A5A00244ED8 /* SystemConfiguration.framework in Frameworks */,
				0433C0B286BC816E93465DF3 /* Pods_Doorbell.framework in Frameworks */,
			);
			runOnlyForDeploymentPostprocessing = 0;
		};
		17850AE51B0D464600504176 /* Frameworks */ = {
			isa = PBXFrameworksBuildPhase;
			buildActionMask = 2147483647;
			files = (
			);
			runOnlyForDeploymentPostprocessing = 0;
		};
/* End PBXFrameworksBuildPhase section */

/* Begin PBXGroup section */
		17223D3D1B0FCF5E00B37BCD /* Authentication */ = {
			isa = PBXGroup;
			children = (
				17223D371B0FB0C400B37BCD /* Authentication.storyboard */,
				17223D391B0FB21C00B37BCD /* LogInViewController.swift */,
				17223D3B1B0FC11F00B37BCD /* SignUpViewController.swift */,
			);
			path = Authentication;
			sourceTree = "<group>";
		};
		1728B66D3E7E7F5A90DAACBD /* Frameworks */ = {
			isa = PBXGroup;
			children = (
				175FA14D1B1C1CAC000DBCF9 /* OMGHTTPURLRQ.framework */,
				175FA14E1B1C1CAC000DBCF9 /* ParsePromiseKit.framework */,
				175FA14F1B1C1CAC000DBCF9 /* PromiseKit.framework */,
				1784039B1B11473E00EBA244 /* LayerKit.embeddedframework */,
				17F01F201B113C5500244ED8 /* ImageIO.framework */,
				17F01F1E1B113C5000244ED8 /* AssetsLibrary.framework */,
				17F01F1C1B113C4B00244ED8 /* CoreLocation.framework */,
				17F01E6E1B113A6F00244ED8 /* Security.framework */,
				17F01E6C1B113A6900244ED8 /* MobileCoreServices.framework */,
				17F01E6A1B113A6300244ED8 /* CFNetwork.framework */,
				17F01E681B113A5A00244ED8 /* SystemConfiguration.framework */,
				6061A033492DFB42E4D15802 /* Pods_Doorbell.framework */,
			);
			name = Frameworks;
			sourceTree = "<group>";
		};
		173CC1351B116C47007ACB1C /* Ads */ = {
			isa = PBXGroup;
			children = (
				17D14D9C1B154CE3003C93BA /* Ads.storyboard */,
				17D14D861B15201B003C93BA /* AdsViewController.swift */,
			);
			path = Ads;
			sourceTree = "<group>";
		};
		173CC1381B116CA3007ACB1C /* Settings */ = {
			isa = PBXGroup;
			children = (
				17D14D921B1540B2003C93BA /* Settings.storyboard */,
				173CC1441B11A771007ACB1C /* SettingsViewController.swift */,
				17D14D901B15402E003C93BA /* SettingsAboutViewController.swift */,
				173CC1481B11CF7F007ACB1C /* SettingsEditProfileViewController.swift */,
			);
			path = Settings;
			sourceTree = "<group>";
		};
		173CC13B1B116F98007ACB1C /* Chats */ = {
			isa = PBXGroup;
			children = (
				17D14D7C1B151C89003C93BA /* ChatsNavigationViewController.swift */,
				173CC1421B1177E7007ACB1C /* ChatsConversationListViewController.swift */,
				17A9C9C21B15D4A000DD5E20 /* ChatsConversationViewController.swift */,
				177589681B1910640094CED2 /* ChatsParticipantTableViewController.swift */,
			);
			path = Chats;
			sourceTree = "<group>";
		};
		1784039B1B11473E00EBA244 /* LayerKit.embeddedframework */ = {
			isa = PBXGroup;
			children = (
				1784039C1B11473E00EBA244 /* LayerKit.framework */,
				1784039D1B11473E00EBA244 /* Resources */,
			);
			path = LayerKit.embeddedframework;
			sourceTree = "<group>";
		};
		1784039D1B11473E00EBA244 /* Resources */ = {
			isa = PBXGroup;
			children = (
				1784039E1B11473E00EBA244 /* layer-client-messaging-schema.bundle */,
			);
			path = Resources;
			sourceTree = "<group>";
		};
		178403A11B11549C00EBA244 /* Calendar */ = {
			isa = PBXGroup;
			children = (
				17D14D981B154C99003C93BA /* Calendar.storyboard */,
				17D14D801B151E7B003C93BA /* CalendarViewController.swift */,
			);
			path = Calendar;
			sourceTree = "<group>";
		};
		178403A41B11550E00EBA244 /* Directory */ = {
			isa = PBXGroup;
			children = (
				17D14D9A1B154CCC003C93BA /* Directory.storyboard */,
				17D14D841B151FF2003C93BA /* DirectoryViewController.swift */,
			);
			path = Directory;
			sourceTree = "<group>";
		};
		1784853F1B0D609200C2B1D0 /* Resources */ = {
			isa = PBXGroup;
			children = (
				17F01EF51B113C1A00244ED8 /* Atlas */,
				17850AD71B0D464600504176 /* Info.plist */,
				17850ADF1B0D464600504176 /* Images.xcassets */,
				17850AE11B0D464600504176 /* LaunchScreen.xib */,
			);
			path = Resources;
			sourceTree = "<group>";
		};
		17850ACA1B0D464600504176 = {
			isa = PBXGroup;
			children = (
				17850AD51B0D464600504176 /* Code */,
				1784853F1B0D609200C2B1D0 /* Resources */,
				17850AEB1B0D464600504176 /* Tests */,
				17850AD41B0D464600504176 /* Products */,
				24FEB8909A8ECD5EE1DE1713 /* Pods */,
				1728B66D3E7E7F5A90DAACBD /* Frameworks */,
			);
			sourceTree = "<group>";
		};
		17850AD41B0D464600504176 /* Products */ = {
			isa = PBXGroup;
			children = (
				17850AD31B0D464600504176 /* Doorbell.app */,
				17850AE81B0D464600504176 /* DoorbellTests.xctest */,
			);
			name = Products;
			sourceTree = "<group>";
		};
		17850AD51B0D464600504176 /* Code */ = {
			isa = PBXGroup;
			children = (
				17D14D8C1B153B73003C93BA /* Main.storyboard */,
				17850AD81B0D464600504176 /* AppDelegate.swift */,
				17D14D9E1B154D20003C93BA /* Views */,
				179262431B16384B006315AA /* Models */,
				17D14D9F1B154E0C003C93BA /* Utilities */,
				17850AD61B0D464600504176 /* Supporting Files */,
			);
			path = Code;
			sourceTree = "<group>";
		};
		17850AD61B0D464600504176 /* Supporting Files */ = {
			isa = PBXGroup;
			children = (
				17E30D891B0D48CD003331BB /* Doorbell-Bridging-Header.h */,
				179262461B164A25006315AA /* Atlas */,
			);
			path = "Supporting Files";
			sourceTree = "<group>";
		};
		17850AEB1B0D464600504176 /* Tests */ = {
			isa = PBXGroup;
			children = (
				17850AEE1B0D464600504176 /* DoorbellTests.swift */,
				17850AEC1B0D464600504176 /* Supporting Files */,
			);
			path = Tests;
			sourceTree = "<group>";
		};
		17850AEC1B0D464600504176 /* Supporting Files */ = {
			isa = PBXGroup;
			children = (
				17850AED1B0D464600504176 /* Info.plist */,
			);
			path = "Supporting Files";
			sourceTree = "<group>";
		};
		179262431B16384B006315AA /* Models */ = {
			isa = PBXGroup;
			children = (
				179262441B163889006315AA /* PFUser+ATLParticipant.swift */,
				177589661B18FED90094CED2 /* UserManager.swift */,
			);
			path = Models;
			sourceTree = "<group>";
		};
		179262461B164A25006315AA /* Atlas */ = {
			isa = PBXGroup;
			children = (
				179262471B164A25006315AA /* Atlas.h */,
				179262481B164A25006315AA /* Atlas.m */,
				179262491B164A25006315AA /* Controllers */,
				179262561B164A25006315AA /* Models */,
				1792625F1B164A25006315AA /* Protocols */,
				179262651B164A25006315AA /* Utilities */,
				179262721B164A25006315AA /* Views */,
			);
			path = Atlas;
			sourceTree = "<group>";
		};
		179262491B164A25006315AA /* Controllers */ = {
			isa = PBXGroup;
			children = (
				1792624A1B164A25006315AA /* ATLAddressBarViewController.h */,
				1792624B1B164A25006315AA /* ATLAddressBarViewController.m */,
				1792624C1B164A25006315AA /* ATLBaseConversationViewController.h */,
				1792624D1B164A25006315AA /* ATLBaseConversationViewController.m */,
				1792624E1B164A25006315AA /* ATLConversationListViewController.h */,
				1792624F1B164A25006315AA /* ATLConversationListViewController.m */,
				179262501B164A25006315AA /* ATLConversationViewController.h */,
				179262511B164A25006315AA /* ATLConversationViewController.m */,
				179262521B164A25006315AA /* ATLParticipantTableViewController.h */,
				179262531B164A25006315AA /* ATLParticipantTableViewController.m */,
				179262541B164A25006315AA /* ATLTypingIndicatorViewController.h */,
				179262551B164A25006315AA /* ATLTypingIndicatorViewController.m */,
			);
			path = Controllers;
			sourceTree = "<group>";
		};
		179262561B164A25006315AA /* Models */ = {
			isa = PBXGroup;
			children = (
				179262571B164A25006315AA /* ATLConversationDataSource.h */,
				179262581B164A25006315AA /* ATLConversationDataSource.m */,
				179262591B164A25006315AA /* ATLDataSourceChange.h */,
				1792625A1B164A25006315AA /* ATLDataSourceChange.m */,
				1792625B1B164A25006315AA /* ATLMediaAttachment.h */,
				1792625C1B164A25006315AA /* ATLMediaAttachment.m */,
				1792625D1B164A25006315AA /* ATLParticipantTableDataSet.h */,
				1792625E1B164A25006315AA /* ATLParticipantTableDataSet.m */,
			);
			path = Models;
			sourceTree = "<group>";
		};
		1792625F1B164A25006315AA /* Protocols */ = {
			isa = PBXGroup;
			children = (
				179262601B164A25006315AA /* ATLAvatarItem.h */,
				179262611B164A25006315AA /* ATLConversationPresenting.h */,
				179262621B164A25006315AA /* ATLMessagePresenting.h */,
				179262631B164A25006315AA /* ATLParticipant.h */,
				179262641B164A25006315AA /* ATLParticipantPresenting.h */,
			);
			path = Protocols;
			sourceTree = "<group>";
		};
		179262651B164A25006315AA /* Utilities */ = {
			isa = PBXGroup;
			children = (
				179262661B164A25006315AA /* ATLConstants.h */,
				179262671B164A25006315AA /* ATLConstants.m */,
				179262681B164A25006315AA /* ATLErrors.h */,
				179262691B164A25006315AA /* ATLErrors.m */,
				1792626A1B164A25006315AA /* ATLLocationManager.h */,
				1792626B1B164A25006315AA /* ATLLocationManager.m */,
				1792626C1B164A25006315AA /* ATLMediaInputStream.h */,
				1792626D1B164A25006315AA /* ATLMediaInputStream.m */,
				1792626E1B164A25006315AA /* ATLMessagingUtilities.h */,
				1792626F1B164A25006315AA /* ATLMessagingUtilities.m */,
				179262701B164A25006315AA /* ATLUIImageHelper.h */,
				179262711B164A25006315AA /* ATLUIImageHelper.m */,
			);
			path = Utilities;
			sourceTree = "<group>";
		};
		179262721B164A25006315AA /* Views */ = {
			isa = PBXGroup;
			children = (
				179262731B164A25006315AA /* ATLAddressBarContainerView.h */,
				179262741B164A25006315AA /* ATLAddressBarContainerView.m */,
				179262751B164A25006315AA /* ATLAddressBarTextView.h */,
				179262761B164A25006315AA /* ATLAddressBarTextView.m */,
				179262771B164A25006315AA /* ATLAddressBarView.h */,
				179262781B164A25006315AA /* ATLAddressBarView.m */,
				179262791B164A25006315AA /* ATLAvatarImageView.h */,
				1792627A1B164A25006315AA /* ATLAvatarImageView.m */,
				1792627B1B164A25006315AA /* ATLConversationCollectionView.h */,
				1792627C1B164A25006315AA /* ATLConversationCollectionView.m */,
				1792627D1B164A25006315AA /* ATLConversationCollectionViewFooter.h */,
				1792627E1B164A25006315AA /* ATLConversationCollectionViewFooter.m */,
				1792627F1B164A25006315AA /* ATLConversationCollectionViewHeader.h */,
				179262801B164A25006315AA /* ATLConversationCollectionViewHeader.m */,
				179262811B164A25006315AA /* ATLConversationCollectionViewMoreMessagesHeader.h */,
				179262821B164A25006315AA /* ATLConversationCollectionViewMoreMessagesHeader.m */,
				179262831B164A25006315AA /* ATLConversationTableViewCell.h */,
				179262841B164A25006315AA /* ATLConversationTableViewCell.m */,
				179262851B164A25006315AA /* ATLConversationView.h */,
				179262861B164A25006315AA /* ATLConversationView.m */,
				179262871B164A25006315AA /* ATLIncomingMessageCollectionViewCell.h */,
				179262881B164A25006315AA /* ATLIncomingMessageCollectionViewCell.m */,
				179262891B164A25006315AA /* ATLMessageBubbleView.h */,
				1792628A1B164A25006315AA /* ATLMessageBubbleView.m */,
				1792628B1B164A25006315AA /* ATLMessageCollectionViewCell.h */,
				1792628C1B164A25006315AA /* ATLMessageCollectionViewCell.m */,
				1792628D1B164A25006315AA /* ATLMessageComposeTextView.h */,
				1792628E1B164A25006315AA /* ATLMessageComposeTextView.m */,
				1792628F1B164A25006315AA /* ATLMessageInputToolbar.h */,
				179262901B164A25006315AA /* ATLMessageInputToolbar.m */,
				179262911B164A25006315AA /* ATLOutgoingMessageCollectionViewCell.h */,
				179262921B164A25006315AA /* ATLOutgoingMessageCollectionViewCell.m */,
				179262931B164A25006315AA /* ATLParticipantSectionHeaderView.h */,
				179262941B164A25006315AA /* ATLParticipantSectionHeaderView.m */,
				179262951B164A25006315AA /* ATLParticipantTableViewCell.h */,
				179262961B164A25006315AA /* ATLParticipantTableViewCell.m */,
				179262971B164A25006315AA /* ATLProgressView.h */,
				179262981B164A25006315AA /* ATLProgressView.m */,
			);
			path = Views;
			sourceTree = "<group>";
		};
		17D14D9E1B154D20003C93BA /* Views */ = {
			isa = PBXGroup;
			children = (
				17D14D751B14F751003C93BA /* InitialViewController.swift */,
				173CC1401B117323007ACB1C /* TabBarController.swift */,
				17223D3D1B0FCF5E00B37BCD /* Authentication */,
				173CC13B1B116F98007ACB1C /* Chats */,
				178403A11B11549C00EBA244 /* Calendar */,
				178403A41B11550E00EBA244 /* Directory */,
				173CC1351B116C47007ACB1C /* Ads */,
				173CC1381B116CA3007ACB1C /* Settings */,
			);
			path = Views;
			sourceTree = "<group>";
		};
		17D14D9F1B154E0C003C93BA /* Utilities */ = {
			isa = PBXGroup;
			children = (
				17E670051B1288A60086D68F /* LayerClient.swift */,
			);
			path = Utilities;
			sourceTree = "<group>";
		};
		17F01EF51B113C1A00244ED8 /* Atlas */ = {
			isa = PBXGroup;
			children = (
				17F01EF61B113C2800244ED8 /* block.png */,
				17F01EF71B113C2800244ED8 /* block@2x.png */,
				17F01EF81B113C2800244ED8 /* block@3x.png */,
				17F01EF91B113C2800244ED8 /* camera_dark.png */,
				17F01EFA1B113C2800244ED8 /* camera_dark@2x.png */,
				17F01EFB1B113C2800244ED8 /* camera_dark@3x.png */,
				17F01EFC1B113C2800244ED8 /* chevron.png */,
				17F01EFD1B113C2800244ED8 /* chevron@2x.png */,
				17F01EFE1B113C2800244ED8 /* chevron@3x.png */,
				17F01EFF1B113C2800244ED8 /* layerbell.caf */,
				17F01F001B113C2800244ED8 /* layerLogo.png */,
				17F01F011B113C2800244ED8 /* layerLogo@2x.png */,
				17F01F021B113C2800244ED8 /* layerLogo@3x.png */,
				17F01F031B113C2800244ED8 /* location_dark.png */,
				17F01F041B113C2800244ED8 /* location_dark@2x.png */,
				17F01F051B113C2800244ED8 /* location_dark@3x.png */,
				17F01F061B113C2800244ED8 /* plus.png */,
				17F01F071B113C2800244ED8 /* plus@2x.png */,
				17F01F081B113C2800244ED8 /* plus@3x.png */,
			);
			path = Atlas;
			sourceTree = "<group>";
		};
		24FEB8909A8ECD5EE1DE1713 /* Pods */ = {
			isa = PBXGroup;
			children = (
				91F4F0FE5EBD03AAFCB1958D /* Pods-Doorbell.debug.xcconfig */,
				54DF26C4B671A612C6817CC1 /* Pods-Doorbell.release.xcconfig */,
			);
			name = Pods;
			sourceTree = "<group>";
		};
/* End PBXGroup section */

/* Begin PBXNativeTarget section */
		17850AD21B0D464600504176 /* Doorbell */ = {
			isa = PBXNativeTarget;
			buildConfigurationList = 17850AF21B0D464600504176 /* Build configuration list for PBXNativeTarget "Doorbell" */;
			buildPhases = (
				A1F834D45CDE03E1EC70E862 /* Check Pods Manifest.lock */,
				17850ACF1B0D464600504176 /* Sources */,
				17850AD01B0D464600504176 /* Frameworks */,
				17850AD11B0D464600504176 /* Resources */,
				D77230FD6F5DACD3413F7EF3 /* Copy Pods Resources */,
				3CFC85BDB2F56E663BDADCC4 /* Embed Pods Frameworks */,
			);
			buildRules = (
			);
			dependencies = (
			);
			name = Doorbell;
			productName = Doorbell;
			productReference = 17850AD31B0D464600504176 /* Doorbell.app */;
			productType = "com.apple.product-type.application";
		};
		17850AE71B0D464600504176 /* DoorbellTests */ = {
			isa = PBXNativeTarget;
			buildConfigurationList = 17850AF51B0D464600504176 /* Build configuration list for PBXNativeTarget "DoorbellTests" */;
			buildPhases = (
				17850AE41B0D464600504176 /* Sources */,
				17850AE51B0D464600504176 /* Frameworks */,
				17850AE61B0D464600504176 /* Resources */,
			);
			buildRules = (
			);
			dependencies = (
				17850AEA1B0D464600504176 /* PBXTargetDependency */,
			);
			name = DoorbellTests;
			productName = DoorbellTests;
			productReference = 17850AE81B0D464600504176 /* DoorbellTests.xctest */;
			productType = "com.apple.product-type.bundle.unit-test";
		};
/* End PBXNativeTarget section */

/* Begin PBXProject section */
		17850ACB1B0D464600504176 /* Project object */ = {
			isa = PBXProject;
			attributes = {
				LastUpgradeCheck = 0630;
				ORGANIZATIONNAME = Doorbell;
				TargetAttributes = {
					17850AD21B0D464600504176 = {
						CreatedOnToolsVersion = 6.3.2;
						DevelopmentTeam = SWM5Z73U9N;
					};
					17850AE71B0D464600504176 = {
						CreatedOnToolsVersion = 6.3.2;
						TestTargetID = 17850AD21B0D464600504176;
					};
				};
			};
			buildConfigurationList = 17850ACE1B0D464600504176 /* Build configuration list for PBXProject "Doorbell" */;
			compatibilityVersion = "Xcode 3.2";
			developmentRegion = English;
			hasScannedForEncodings = 0;
			knownRegions = (
				en,
				Base,
			);
			mainGroup = 17850ACA1B0D464600504176;
			productRefGroup = 17850AD41B0D464600504176 /* Products */;
			projectDirPath = "";
			projectRoot = "";
			targets = (
				17850AD21B0D464600504176 /* Doorbell */,
				17850AE71B0D464600504176 /* DoorbellTests */,
			);
		};
/* End PBXProject section */

/* Begin PBXResourcesBuildPhase section */
		17850AD11B0D464600504176 /* Resources */ = {
			isa = PBXResourcesBuildPhase;
			buildActionMask = 2147483647;
			files = (
				17223D381B0FB0C400B37BCD /* Authentication.storyboard in Resources */,
				17850AE31B0D464600504176 /* LaunchScreen.xib in Resources */,
				17F01F121B113C2800244ED8 /* layerbell.caf in Resources */,
				17D14D8D1B153B73003C93BA /* Main.storyboard in Resources */,
				17F01F0D1B113C2800244ED8 /* camera_dark@2x.png in Resources */,
				17D14D9D1B154CE3003C93BA /* Ads.storyboard in Resources */,
				17F01F191B113C2800244ED8 /* plus.png in Resources */,
				17F01F171B113C2800244ED8 /* location_dark@2x.png in Resources */,
				17F01F101B113C2800244ED8 /* chevron@2x.png in Resources */,
				17F01F0E1B113C2800244ED8 /* camera_dark@3x.png in Resources */,
				17D14D9B1B154CCC003C93BA /* Directory.storyboard in Resources */,
				17F01F181B113C2800244ED8 /* location_dark@3x.png in Resources */,
				17F01F111B113C2800244ED8 /* chevron@3x.png in Resources */,
				17850AE01B0D464600504176 /* Images.xcassets in Resources */,
				17F01F0C1B113C2800244ED8 /* camera_dark.png in Resources */,
				17F01F0F1B113C2800244ED8 /* chevron.png in Resources */,
				178403A01B11473E00EBA244 /* layer-client-messaging-schema.bundle in Resources */,
				17F01F151B113C2800244ED8 /* layerLogo@3x.png in Resources */,
				17F01F141B113C2800244ED8 /* layerLogo@2x.png in Resources */,
				17F01F131B113C2800244ED8 /* layerLogo.png in Resources */,
				17F01F161B113C2800244ED8 /* location_dark.png in Resources */,
				17D14D931B1540B2003C93BA /* Settings.storyboard in Resources */,
				17F01F0B1B113C2800244ED8 /* block@3x.png in Resources */,
				17F01F0A1B113C2800244ED8 /* block@2x.png in Resources */,
				17F01F1A1B113C2800244ED8 /* plus@2x.png in Resources */,
				17F01F1B1B113C2800244ED8 /* plus@3x.png in Resources */,
				17D14D991B154C99003C93BA /* Calendar.storyboard in Resources */,
				17F01F091B113C2800244ED8 /* block.png in Resources */,
			);
			runOnlyForDeploymentPostprocessing = 0;
		};
		17850AE61B0D464600504176 /* Resources */ = {
			isa = PBXResourcesBuildPhase;
			buildActionMask = 2147483647;
			files = (
			);
			runOnlyForDeploymentPostprocessing = 0;
		};
/* End PBXResourcesBuildPhase section */

/* Begin PBXShellScriptBuildPhase section */
		3CFC85BDB2F56E663BDADCC4 /* Embed Pods Frameworks */ = {
			isa = PBXShellScriptBuildPhase;
			buildActionMask = 2147483647;
			files = (
			);
			inputPaths = (
			);
			name = "Embed Pods Frameworks";
			outputPaths = (
			);
			runOnlyForDeploymentPostprocessing = 0;
			shellPath = /bin/sh;
			shellScript = "\"${SRCROOT}/Pods/Target Support Files/Pods-Doorbell/Pods-Doorbell-frameworks.sh\"\n";
			showEnvVarsInLog = 0;
		};
		A1F834D45CDE03E1EC70E862 /* Check Pods Manifest.lock */ = {
			isa = PBXShellScriptBuildPhase;
			buildActionMask = 2147483647;
			files = (
			);
			inputPaths = (
			);
			name = "Check Pods Manifest.lock";
			outputPaths = (
			);
			runOnlyForDeploymentPostprocessing = 0;
			shellPath = /bin/sh;
			shellScript = "diff \"${PODS_ROOT}/../Podfile.lock\" \"${PODS_ROOT}/Manifest.lock\" > /dev/null\nif [[ $? != 0 ]] ; then\n    cat << EOM\nerror: The sandbox is not in sync with the Podfile.lock. Run 'pod install' or update your CocoaPods installation.\nEOM\n    exit 1\nfi\n";
			showEnvVarsInLog = 0;
		};
		D77230FD6F5DACD3413F7EF3 /* Copy Pods Resources */ = {
			isa = PBXShellScriptBuildPhase;
			buildActionMask = 2147483647;
			files = (
			);
			inputPaths = (
			);
			name = "Copy Pods Resources";
			outputPaths = (
			);
			runOnlyForDeploymentPostprocessing = 0;
			shellPath = /bin/sh;
			shellScript = "\"${SRCROOT}/Pods/Target Support Files/Pods-Doorbell/Pods-Doorbell-resources.sh\"\n";
			showEnvVarsInLog = 0;
		};
/* End PBXShellScriptBuildPhase section */

/* Begin PBXSourcesBuildPhase section */
		17850ACF1B0D464600504176 /* Sources */ = {
			isa = PBXSourcesBuildPhase;
			buildActionMask = 2147483647;
			files = (
				179262451B163889006315AA /* PFUser+ATLParticipant.swift in Sources */,
				17223D3A1B0FB21C00B37BCD /* LogInViewController.swift in Sources */,
				179262AC1B164A25006315AA /* ATLAddressBarView.m in Sources */,
				179262BB1B164A25006315AA /* ATLParticipantTableViewCell.m in Sources */,
				17D14D911B15402E003C93BA /* SettingsAboutViewController.swift in Sources */,
				179262B21B164A25006315AA /* ATLConversationTableViewCell.m in Sources */,
				179262B41B164A25006315AA /* ATLIncomingMessageCollectionViewCell.m in Sources */,
				177589691B1910640094CED2 /* ChatsParticipantTableViewController.swift in Sources */,
				17D14D761B14F751003C93BA /* InitialViewController.swift in Sources */,
				179262B11B164A25006315AA /* ATLConversationCollectionViewMoreMessagesHeader.m in Sources */,
				179262B51B164A25006315AA /* ATLMessageBubbleView.m in Sources */,
				1792629C1B164A25006315AA /* ATLConversationListViewController.m in Sources */,
				17850AD91B0D464600504176 /* AppDelegate.swift in Sources */,
				179262B01B164A25006315AA /* ATLConversationCollectionViewHeader.m in Sources */,
				179262A51B164A25006315AA /* ATLErrors.m in Sources */,
				179262A61B164A25006315AA /* ATLLocationManager.m in Sources */,
				179262BA1B164A25006315AA /* ATLParticipantSectionHeaderView.m in Sources */,
				179262B81B164A25006315AA /* ATLMessageInputToolbar.m in Sources */,
				179262AD1B164A25006315AA /* ATLAvatarImageView.m in Sources */,
				177589671B18FED90094CED2 /* UserManager.swift in Sources */,
				179262AF1B164A25006315AA /* ATLConversationCollectionViewFooter.m in Sources */,
				179262A01B164A25006315AA /* ATLConversationDataSource.m in Sources */,
				1792629E1B164A25006315AA /* ATLParticipantTableViewController.m in Sources */,
				179262B61B164A25006315AA /* ATLMessageCollectionViewCell.m in Sources */,
				17D14D871B15201B003C93BA /* AdsViewController.swift in Sources */,
				179262A31B164A25006315AA /* ATLParticipantTableDataSet.m in Sources */,
				17D14D7D1B151C89003C93BA /* ChatsNavigationViewController.swift in Sources */,
				179262A71B164A25006315AA /* ATLMediaInputStream.m in Sources */,
				1792629F1B164A25006315AA /* ATLTypingIndicatorViewController.m in Sources */,
				179262A91B164A25006315AA /* ATLUIImageHelper.m in Sources */,
				179262A41B164A25006315AA /* ATLConstants.m in Sources */,
				173CC1451B11A771007ACB1C /* SettingsViewController.swift in Sources */,
				173CC1491B11CF7F007ACB1C /* SettingsEditProfileViewController.swift in Sources */,
				179262991B164A25006315AA /* Atlas.m in Sources */,
				179262A11B164A25006315AA /* ATLDataSourceChange.m in Sources */,
				179262B31B164A25006315AA /* ATLConversationView.m in Sources */,
				1792629A1B164A25006315AA /* ATLAddressBarViewController.m in Sources */,
				179262AB1B164A25006315AA /* ATLAddressBarTextView.m in Sources */,
				179262B91B164A25006315AA /* ATLOutgoingMessageCollectionViewCell.m in Sources */,
				179262AA1B164A25006315AA /* ATLAddressBarContainerView.m in Sources */,
				179262B71B164A25006315AA /* ATLMessageComposeTextView.m in Sources */,
				179262A81B164A25006315AA /* ATLMessagingUtilities.m in Sources */,
				173CC1431B1177E7007ACB1C /* ChatsConversationListViewController.swift in Sources */,
				179262A21B164A25006315AA /* ATLMediaAttachment.m in Sources */,
				179262AE1B164A25006315AA /* ATLConversationCollectionView.m in Sources */,
				1792629B1B164A25006315AA /* ATLBaseConversationViewController.m in Sources */,
				17E670061B1288A60086D68F /* LayerClient.swift in Sources */,
				173CC1411B117323007ACB1C /* TabBarController.swift in Sources */,
				17223D3C1B0FC11F00B37BCD /* SignUpViewController.swift in Sources */,
				17A9C9C31B15D4A000DD5E20 /* ChatsConversationViewController.swift in Sources */,
				1792629D1B164A25006315AA /* ATLConversationViewController.m in Sources */,
				179262BC1B164A25006315AA /* ATLProgressView.m in Sources */,
				17D14D811B151E7B003C93BA /* CalendarViewController.swift in Sources */,
				17D14D851B151FF2003C93BA /* DirectoryViewController.swift in Sources */,
			);
			runOnlyForDeploymentPostprocessing = 0;
		};
		17850AE41B0D464600504176 /* Sources */ = {
			isa = PBXSourcesBuildPhase;
			buildActionMask = 2147483647;
			files = (
				17850AEF1B0D464600504176 /* DoorbellTests.swift in Sources */,
			);
			runOnlyForDeploymentPostprocessing = 0;
		};
/* End PBXSourcesBuildPhase section */

/* Begin PBXTargetDependency section */
		17850AEA1B0D464600504176 /* PBXTargetDependency */ = {
			isa = PBXTargetDependency;
			target = 17850AD21B0D464600504176 /* Doorbell */;
			targetProxy = 17850AE91B0D464600504176 /* PBXContainerItemProxy */;
		};
/* End PBXTargetDependency section */

/* Begin PBXVariantGroup section */
		17850AE11B0D464600504176 /* LaunchScreen.xib */ = {
			isa = PBXVariantGroup;
			children = (
				17850AE21B0D464600504176 /* Base */,
			);
			name = LaunchScreen.xib;
			path = .;
			sourceTree = "<group>";
		};
/* End PBXVariantGroup section */

/* Begin XCBuildConfiguration section */
		17850AF01B0D464600504176 /* Debug */ = {
			isa = XCBuildConfiguration;
			buildSettings = {
				ALWAYS_SEARCH_USER_PATHS = NO;
				CLANG_CXX_LANGUAGE_STANDARD = "gnu++0x";
				CLANG_CXX_LIBRARY = "libc++";
				CLANG_ENABLE_MODULES = YES;
				CLANG_ENABLE_OBJC_ARC = YES;
				CLANG_WARN_BOOL_CONVERSION = YES;
				CLANG_WARN_CONSTANT_CONVERSION = YES;
				CLANG_WARN_DIRECT_OBJC_ISA_USAGE = YES_ERROR;
				CLANG_WARN_EMPTY_BODY = YES;
				CLANG_WARN_ENUM_CONVERSION = YES;
				CLANG_WARN_INT_CONVERSION = YES;
				CLANG_WARN_OBJC_ROOT_CLASS = YES_ERROR;
				CLANG_WARN_UNREACHABLE_CODE = YES;
				CLANG_WARN__DUPLICATE_METHOD_MATCH = YES;
				"CODE_SIGN_IDENTITY[sdk=iphoneos*]" = "iPhone Developer";
				COPY_PHASE_STRIP = NO;
				DEBUG_INFORMATION_FORMAT = "dwarf-with-dsym";
				ENABLE_STRICT_OBJC_MSGSEND = YES;
				GCC_C_LANGUAGE_STANDARD = gnu99;
				GCC_DYNAMIC_NO_PIC = NO;
				GCC_NO_COMMON_BLOCKS = YES;
				GCC_OPTIMIZATION_LEVEL = 0;
				GCC_PREPROCESSOR_DEFINITIONS = (
					"DEBUG=1",
					"$(inherited)",
				);
				GCC_SYMBOLS_PRIVATE_EXTERN = NO;
				GCC_WARN_64_TO_32_BIT_CONVERSION = YES;
				GCC_WARN_ABOUT_RETURN_TYPE = YES_ERROR;
				GCC_WARN_UNDECLARED_SELECTOR = YES;
				GCC_WARN_UNINITIALIZED_AUTOS = YES_AGGRESSIVE;
				GCC_WARN_UNUSED_FUNCTION = YES;
				GCC_WARN_UNUSED_VARIABLE = YES;
				IPHONEOS_DEPLOYMENT_TARGET = 8.3;
				MTL_ENABLE_DEBUG_INFO = YES;
				ONLY_ACTIVE_ARCH = YES;
				SDKROOT = iphoneos;
				SWIFT_OPTIMIZATION_LEVEL = "-Onone";
				TARGETED_DEVICE_FAMILY = "1,2";
			};
			name = Debug;
		};
		17850AF11B0D464600504176 /* Release */ = {
			isa = XCBuildConfiguration;
			buildSettings = {
				ALWAYS_SEARCH_USER_PATHS = NO;
				CLANG_CXX_LANGUAGE_STANDARD = "gnu++0x";
				CLANG_CXX_LIBRARY = "libc++";
				CLANG_ENABLE_MODULES = YES;
				CLANG_ENABLE_OBJC_ARC = YES;
				CLANG_WARN_BOOL_CONVERSION = YES;
				CLANG_WARN_CONSTANT_CONVERSION = YES;
				CLANG_WARN_DIRECT_OBJC_ISA_USAGE = YES_ERROR;
				CLANG_WARN_EMPTY_BODY = YES;
				CLANG_WARN_ENUM_CONVERSION = YES;
				CLANG_WARN_INT_CONVERSION = YES;
				CLANG_WARN_OBJC_ROOT_CLASS = YES_ERROR;
				CLANG_WARN_UNREACHABLE_CODE = YES;
				CLANG_WARN__DUPLICATE_METHOD_MATCH = YES;
				"CODE_SIGN_IDENTITY[sdk=iphoneos*]" = "iPhone Developer";
				COPY_PHASE_STRIP = NO;
				DEBUG_INFORMATION_FORMAT = "dwarf-with-dsym";
				ENABLE_NS_ASSERTIONS = NO;
				ENABLE_STRICT_OBJC_MSGSEND = YES;
				GCC_C_LANGUAGE_STANDARD = gnu99;
				GCC_NO_COMMON_BLOCKS = YES;
				GCC_WARN_64_TO_32_BIT_CONVERSION = YES;
				GCC_WARN_ABOUT_RETURN_TYPE = YES_ERROR;
				GCC_WARN_UNDECLARED_SELECTOR = YES;
				GCC_WARN_UNINITIALIZED_AUTOS = YES_AGGRESSIVE;
				GCC_WARN_UNUSED_FUNCTION = YES;
				GCC_WARN_UNUSED_VARIABLE = YES;
				IPHONEOS_DEPLOYMENT_TARGET = 8.3;
				MTL_ENABLE_DEBUG_INFO = NO;
				SDKROOT = iphoneos;
				TARGETED_DEVICE_FAMILY = "1,2";
				VALIDATE_PRODUCT = YES;
			};
			name = Release;
		};
		17850AF31B0D464600504176 /* Debug */ = {
			isa = XCBuildConfiguration;
			baseConfigurationReference = 91F4F0FE5EBD03AAFCB1958D /* Pods-Doorbell.debug.xcconfig */;
			buildSettings = {
				ASSETCATALOG_COMPILER_APPICON_NAME = AppIcon;
				CLANG_ENABLE_MODULES = YES;
				CODE_SIGN_IDENTITY = "iPhone Developer";
				DEFINES_MODULE = YES;
				FRAMEWORK_SEARCH_PATHS = (
					"$(inherited)",
					"$(PROJECT_DIR)/LayerKit.embeddedframework",
				);
				INFOPLIST_FILE = Resources/Info.plist;
				LD_RUNPATH_SEARCH_PATHS = "$(inherited) @executable_path/Frameworks";
				OTHER_LDFLAGS = (
					"$(inherited)",
					"-ObjC",
					"-framework",
					"\"Bolts\"",
					"-framework",
					"\"Honour\"",
					"-framework",
					"\"PKHUD\"",
					"-framework",
					"\"Parse\"",
					"-framework",
					"\"ParseUI\"",
					"-framework",
					"\"SwiftForms\"",
					"-framework",
					"\"SwiftValidator\"",
					"-lz",
				);
				PRODUCT_NAME = "$(TARGET_NAME)";
				SWIFT_OBJC_BRIDGING_HEADER = "Code/Supporting Files/Doorbell-Bridging-Header.h";
				SWIFT_OPTIMIZATION_LEVEL = "-Onone";
				USER_HEADER_SEARCH_PATHS = "Frameworks/** Pods/**";
			};
			name = Debug;
		};
		17850AF41B0D464600504176 /* Release */ = {
			isa = XCBuildConfiguration;
			baseConfigurationReference = 54DF26C4B671A612C6817CC1 /* Pods-Doorbell.release.xcconfig */;
			buildSettings = {
				ASSETCATALOG_COMPILER_APPICON_NAME = AppIcon;
				CLANG_ENABLE_MODULES = YES;
				CODE_SIGN_IDENTITY = "iPhone Developer";
				DEFINES_MODULE = YES;
				FRAMEWORK_SEARCH_PATHS = (
					"$(inherited)",
					"$(PROJECT_DIR)/LayerKit.embeddedframework",
				);
				INFOPLIST_FILE = Resources/Info.plist;
				LD_RUNPATH_SEARCH_PATHS = "$(inherited) @executable_path/Frameworks";
				OTHER_LDFLAGS = (
					"$(inherited)",
					"-ObjC",
					"-framework",
					"\"Bolts\"",
					"-framework",
					"\"Honour\"",
					"-framework",
					"\"PKHUD\"",
					"-framework",
					"\"Parse\"",
					"-framework",
					"\"ParseUI\"",
					"-framework",
					"\"SwiftForms\"",
					"-framework",
					"\"SwiftValidator\"",
					"-lz",
				);
				PRODUCT_NAME = "$(TARGET_NAME)";
				SWIFT_OBJC_BRIDGING_HEADER = "Code/Supporting Files/Doorbell-Bridging-Header.h";
				USER_HEADER_SEARCH_PATHS = "Frameworks/** Pods/**";
			};
			name = Release;
		};
		17850AF61B0D464600504176 /* Debug */ = {
			isa = XCBuildConfiguration;
			buildSettings = {
				BUNDLE_LOADER = "$(TEST_HOST)";
				FRAMEWORK_SEARCH_PATHS = (
					"$(SDKROOT)/Developer/Library/Frameworks",
					"$(inherited)",
				);
				GCC_PREPROCESSOR_DEFINITIONS = (
					"DEBUG=1",
					"$(inherited)",
				);
				INFOPLIST_FILE = "Tests/Supporting Files/Info.plist";
				LD_RUNPATH_SEARCH_PATHS = "$(inherited) @executable_path/Frameworks @loader_path/Frameworks";
				PRODUCT_NAME = "$(TARGET_NAME)";
				TEST_HOST = "$(BUILT_PRODUCTS_DIR)/Doorbell.app/Doorbell";
			};
			name = Debug;
		};
		17850AF71B0D464600504176 /* Release */ = {
			isa = XCBuildConfiguration;
			buildSettings = {
				BUNDLE_LOADER = "$(TEST_HOST)";
				FRAMEWORK_SEARCH_PATHS = (
					"$(SDKROOT)/Developer/Library/Frameworks",
					"$(inherited)",
				);
				INFOPLIST_FILE = "Tests/Supporting Files/Info.plist";
				LD_RUNPATH_SEARCH_PATHS = "$(inherited) @executable_path/Frameworks @loader_path/Frameworks";
				PRODUCT_NAME = "$(TARGET_NAME)";
				TEST_HOST = "$(BUILT_PRODUCTS_DIR)/Doorbell.app/Doorbell";
			};
			name = Release;
		};
/* End XCBuildConfiguration section */

/* Begin XCConfigurationList section */
		17850ACE1B0D464600504176 /* Build configuration list for PBXProject "Doorbell" */ = {
			isa = XCConfigurationList;
			buildConfigurations = (
				17850AF01B0D464600504176 /* Debug */,
				17850AF11B0D464600504176 /* Release */,
			);
			defaultConfigurationIsVisible = 0;
			defaultConfigurationName = Release;
		};
		17850AF21B0D464600504176 /* Build configuration list for PBXNativeTarget "Doorbell" */ = {
			isa = XCConfigurationList;
			buildConfigurations = (
				17850AF31B0D464600504176 /* Debug */,
				17850AF41B0D464600504176 /* Release */,
			);
			defaultConfigurationIsVisible = 0;
			defaultConfigurationName = Release;
		};
		17850AF51B0D464600504176 /* Build configuration list for PBXNativeTarget "DoorbellTests" */ = {
			isa = XCConfigurationList;
			buildConfigurations = (
				17850AF61B0D464600504176 /* Debug */,
				17850AF71B0D464600504176 /* Release */,
			);
			defaultConfigurationIsVisible = 0;
			defaultConfigurationName = Release;
		};
/* End XCConfigurationList section */
	};
	rootObject = 17850ACB1B0D464600504176 /* Project object */;
}
